// !$*UTF8*$!
{
	archiveVersion = 1;
	classes = {
	};
	objectVersion = 55;
	objects = {

/* Begin PBXBuildFile section */
		4B947AFB29996F73001D2940 /* AppDelegate.swift in Sources */ = {isa = PBXBuildFile; fileRef = 4B947AFA29996F73001D2940 /* AppDelegate.swift */; };
		4B947AFD29996F73001D2940 /* SceneDelegate.swift in Sources */ = {isa = PBXBuildFile; fileRef = 4B947AFC29996F73001D2940 /* SceneDelegate.swift */; };
		4B947AFF29996F73001D2940 /* ViewController.swift in Sources */ = {isa = PBXBuildFile; fileRef = 4B947AFE29996F73001D2940 /* ViewController.swift */; };
		4B947B0229996F73001D2940 /* Main.storyboard in Resources */ = {isa = PBXBuildFile; fileRef = 4B947B0029996F73001D2940 /* Main.storyboard */; };
		4B947B0429996F75001D2940 /* Assets.xcassets in Resources */ = {isa = PBXBuildFile; fileRef = 4B947B0329996F75001D2940 /* Assets.xcassets */; };
		4B947B0729996F75001D2940 /* LaunchScreen.storyboard in Resources */ = {isa = PBXBuildFile; fileRef = 4B947B0529996F75001D2940 /* LaunchScreen.storyboard */; };
		4B947B1229996F75001D2940 /* Nelavelli_CalculatorAppTests.swift in Sources */ = {isa = PBXBuildFile; fileRef = 4B947B1129996F75001D2940 /* Nelavelli_CalculatorAppTests.swift */; };
		4B947B1C29996F75001D2940 /* Nelavelli_CalculatorAppUITests.swift in Sources */ = {isa = PBXBuildFile; fileRef = 4B947B1B29996F75001D2940 /* Nelavelli_CalculatorAppUITests.swift */; };
		4B947B1E29996F75001D2940 /* Nelavelli_CalculatorAppUITestsLaunchTests.swift in Sources */ = {isa = PBXBuildFile; fileRef = 4B947B1D29996F75001D2940 /* Nelavelli_CalculatorAppUITestsLaunchTests.swift */; };
/* End PBXBuildFile section */

/* Begin PBXContainerItemProxy section */
		4B947B0E29996F75001D2940 /* PBXContainerItemProxy */ = {
			isa = PBXContainerItemProxy;
			containerPortal = 4B947AEF29996F73001D2940 /* Project object */;
			proxyType = 1;
			remoteGlobalIDString = 4B947AF629996F73001D2940;
			remoteInfo = Nelavelli_CalculatorApp;
		};
		4B947B1829996F75001D2940 /* PBXContainerItemProxy */ = {
			isa = PBXContainerItemProxy;
			containerPortal = 4B947AEF29996F73001D2940 /* Project object */;
			proxyType = 1;
			remoteGlobalIDString = 4B947AF629996F73001D2940;
			remoteInfo = Nelavelli_CalculatorApp;
		};
/* End PBXContainerItemProxy section */

/* Begin PBXFileReference section */
		4B947AF729996F73001D2940 /* Nelavelli_CalculatorApp.app */ = {isa = PBXFileReference; explicitFileType = wrapper.application; includeInIndex = 0; path = Nelavelli_CalculatorApp.app; sourceTree = BUILT_PRODUCTS_DIR; };
		4B947AFA29996F73001D2940 /* AppDelegate.swift */ = {isa = PBXFileReference; lastKnownFileType = sourcecode.swift; path = AppDelegate.swift; sourceTree = "<group>"; };
		4B947AFC29996F73001D2940 /* SceneDelegate.swift */ = {isa = PBXFileReference; lastKnownFileType = sourcecode.swift; path = SceneDelegate.swift; sourceTree = "<group>"; };
		4B947AFE29996F73001D2940 /* ViewController.swift */ = {isa = PBXFileReference; lastKnownFileType = sourcecode.swift; path = ViewController.swift; sourceTree = "<group>"; };
		4B947B0129996F73001D2940 /* Base */ = {isa = PBXFileReference; lastKnownFileType = file.storyboard; name = Base; path = Base.lproj/Main.storyboard; sourceTree = "<group>"; };
		4B947B0329996F75001D2940 /* Assets.xcassets */ = {isa = PBXFileReference; lastKnownFileType = folder.assetcatalog; path = Assets.xcassets; sourceTree = "<group>"; };
		4B947B0629996F75001D2940 /* Base */ = {isa = PBXFileReference; lastKnownFileType = file.storyboard; name = Base; path = Base.lproj/LaunchScreen.storyboard; sourceTree = "<group>"; };
		4B947B0829996F75001D2940 /* Info.plist */ = {isa = PBXFileReference; lastKnownFileType = text.plist.xml; path = Info.plist; sourceTree = "<group>"; };
		4B947B0D29996F75001D2940 /* Nelavelli_CalculatorAppTests.xctest */ = {isa = PBXFileReference; explicitFileType = wrapper.cfbundle; includeInIndex = 0; path = Nelavelli_CalculatorAppTests.xctest; sourceTree = BUILT_PRODUCTS_DIR; };
		4B947B1129996F75001D2940 /* Nelavelli_CalculatorAppTests.swift */ = {isa = PBXFileReference; lastKnownFileType = sourcecode.swift; path = Nelavelli_CalculatorAppTests.swift; sourceTree = "<group>"; };
		4B947B1729996F75001D2940 /* Nelavelli_CalculatorAppUITests.xctest */ = {isa = PBXFileReference; explicitFileType = wrapper.cfbundle; includeInIndex = 0; path = Nelavelli_CalculatorAppUITests.xctest; sourceTree = BUILT_PRODUCTS_DIR; };
		4B947B1B29996F75001D2940 /* Nelavelli_CalculatorAppUITests.swift */ = {isa = PBXFileReference; lastKnownFileType = sourcecode.swift; path = Nelavelli_CalculatorAppUITests.swift; sourceTree = "<group>"; };
		4B947B1D29996F75001D2940 /* Nelavelli_CalculatorAppUITestsLaunchTests.swift */ = {isa = PBXFileReference; lastKnownFileType = sourcecode.swift; path = Nelavelli_CalculatorAppUITestsLaunchTests.swift; sourceTree = "<group>"; };
/* End PBXFileReference section */

/* Begin PBXFrameworksBuildPhase section */
		4B947AF429996F73001D2940 /* Frameworks */ = {
			isa = PBXFrameworksBuildPhase;
			buildActionMask = 2147483647;
			files = (
			);
			runOnlyForDeploymentPostprocessing = 0;
		};
		4B947B0A29996F75001D2940 /* Frameworks */ = {
			isa = PBXFrameworksBuildPhase;
			buildActionMask = 2147483647;
			files = (
			);
			runOnlyForDeploymentPostprocessing = 0;
		};
		4B947B1429996F75001D2940 /* Frameworks */ = {
			isa = PBXFrameworksBuildPhase;
			buildActionMask = 2147483647;
			files = (
			);
			runOnlyForDeploymentPostprocessing = 0;
		};
/* End PBXFrameworksBuildPhase section */

/* Begin PBXGroup section */
		4B947AEE29996F73001D2940 = {
			isa = PBXGroup;
			children = (
				4B947AF929996F73001D2940 /* Nelavelli_CalculatorApp */,
				4B947B1029996F75001D2940 /* Nelavelli_CalculatorAppTests */,
				4B947B1A29996F75001D2940 /* Nelavelli_CalculatorAppUITests */,
				4B947AF829996F73001D2940 /* Products */,
			);
			sourceTree = "<group>";
		};
		4B947AF829996F73001D2940 /* Products */ = {
			isa = PBXGroup;
			children = (
				4B947AF729996F73001D2940 /* Nelavelli_CalculatorApp.app */,
				4B947B0D29996F75001D2940 /* Nelavelli_CalculatorAppTests.xctest */,
				4B947B1729996F75001D2940 /* Nelavelli_CalculatorAppUITests.xctest */,
			);
			name = Products;
			sourceTree = "<group>";
		};
		4B947AF929996F73001D2940 /* Nelavelli_CalculatorApp */ = {
			isa = PBXGroup;
			children = (
				4B947AFA29996F73001D2940 /* AppDelegate.swift */,
				4B947AFC29996F73001D2940 /* SceneDelegate.swift */,
				4B947AFE29996F73001D2940 /* ViewController.swift */,
				4B947B0029996F73001D2940 /* Main.storyboard */,
				4B947B0329996F75001D2940 /* Assets.xcassets */,
				4B947B0529996F75001D2940 /* LaunchScreen.storyboard */,
				4B947B0829996F75001D2940 /* Info.plist */,
			);
			path = Nelavelli_CalculatorApp;
			sourceTree = "<group>";
		};
		4B947B1029996F75001D2940 /* Nelavelli_CalculatorAppTests */ = {
			isa = PBXGroup;
			children = (
				4B947B1129996F75001D2940 /* Nelavelli_CalculatorAppTests.swift */,
			);
			path = Nelavelli_CalculatorAppTests;
			sourceTree = "<group>";
		};
		4B947B1A29996F75001D2940 /* Nelavelli_CalculatorAppUITests */ = {
			isa = PBXGroup;
			children = (
				4B947B1B29996F75001D2940 /* Nelavelli_CalculatorAppUITests.swift */,
				4B947B1D29996F75001D2940 /* Nelavelli_CalculatorAppUITestsLaunchTests.swift */,
			);
			path = Nelavelli_CalculatorAppUITests;
			sourceTree = "<group>";
		};
/* End PBXGroup section */

/* Begin PBXNativeTarget section */
		4B947AF629996F73001D2940 /* Nelavelli_CalculatorApp */ = {
			isa = PBXNativeTarget;
			buildConfigurationList = 4B947B2129996F75001D2940 /* Build configuration list for PBXNativeTarget "Nelavelli_CalculatorApp" */;
			buildPhases = (
				4B947AF329996F73001D2940 /* Sources */,
				4B947AF429996F73001D2940 /* Frameworks */,
				4B947AF529996F73001D2940 /* Resources */,
			);
			buildRules = (
			);
			dependencies = (
			);
			name = Nelavelli_CalculatorApp;
			productName = Nelavelli_CalculatorApp;
			productReference = 4B947AF729996F73001D2940 /* Nelavelli_CalculatorApp.app */;
			productType = "com.apple.product-type.application";
		};
		4B947B0C29996F75001D2940 /* Nelavelli_CalculatorAppTests */ = {
			isa = PBXNativeTarget;
			buildConfigurationList = 4B947B2429996F75001D2940 /* Build configuration list for PBXNativeTarget "Nelavelli_CalculatorAppTests" */;
			buildPhases = (
				4B947B0929996F75001D2940 /* Sources */,
				4B947B0A29996F75001D2940 /* Frameworks */,
				4B947B0B29996F75001D2940 /* Resources */,
			);
			buildRules = (
			);
			dependencies = (
				4B947B0F29996F75001D2940 /* PBXTargetDependency */,
			);
			name = Nelavelli_CalculatorAppTests;
			productName = Nelavelli_CalculatorAppTests;
			productReference = 4B947B0D29996F75001D2940 /* Nelavelli_CalculatorAppTests.xctest */;
			productType = "com.apple.product-type.bundle.unit-test";
		};
		4B947B1629996F75001D2940 /* Nelavelli_CalculatorAppUITests */ = {
			isa = PBXNativeTarget;
			buildConfigurationList = 4B947B2729996F75001D2940 /* Build configuration list for PBXNativeTarget "Nelavelli_CalculatorAppUITests" */;
			buildPhases = (
				4B947B1329996F75001D2940 /* Sources */,
				4B947B1429996F75001D2940 /* Frameworks */,
				4B947B1529996F75001D2940 /* Resources */,
			);
			buildRules = (
			);
			dependencies = (
				4B947B1929996F75001D2940 /* PBXTargetDependency */,
			);
			name = Nelavelli_CalculatorAppUITests;
			productName = Nelavelli_CalculatorAppUITests;
			productReference = 4B947B1729996F75001D2940 /* Nelavelli_CalculatorAppUITests.xctest */;
			productType = "com.apple.product-type.bundle.ui-testing";
		};
/* End PBXNativeTarget section */

/* Begin PBXProject section */
		4B947AEF29996F73001D2940 /* Project object */ = {
			isa = PBXProject;
			attributes = {
				BuildIndependentTargetsInParallel = 1;
				LastSwiftUpdateCheck = 1340;
				LastUpgradeCheck = 1340;
				TargetAttributes = {
					4B947AF629996F73001D2940 = {
						CreatedOnToolsVersion = 13.4.1;
					};
					4B947B0C29996F75001D2940 = {
						CreatedOnToolsVersion = 13.4.1;
						TestTargetID = 4B947AF629996F73001D2940;
					};
					4B947B1629996F75001D2940 = {
						CreatedOnToolsVersion = 13.4.1;
						TestTargetID = 4B947AF629996F73001D2940;
					};
				};
			};
			buildConfigurationList = 4B947AF229996F73001D2940 /* Build configuration list for PBXProject "Nelavelli_CalculatorApp" */;
			compatibilityVersion = "Xcode 13.0";
			developmentRegion = en;
			hasScannedForEncodings = 0;
			knownRegions = (
				en,
				Base,
			);
			mainGroup = 4B947AEE29996F73001D2940;
			productRefGroup = 4B947AF829996F73001D2940 /* Products */;
			projectDirPath = "";
			projectRoot = "";
			targets = (
				4B947AF629996F73001D2940 /* Nelavelli_CalculatorApp */,
				4B947B0C29996F75001D2940 /* Nelavelli_CalculatorAppTests */,
				4B947B1629996F75001D2940 /* Nelavelli_CalculatorAppUITests */,
			);
		};
/* End PBXProject section */

/* Begin PBXResourcesBuildPhase section */
		4B947AF529996F73001D2940 /* Resources */ = {
			isa = PBXResourcesBuildPhase;
			buildActionMask = 2147483647;
			files = (
				4B947B0729996F75001D2940 /* LaunchScreen.storyboard in Resources */,
				4B947B0429996F75001D2940 /* Assets.xcassets in Resources */,
				4B947B0229996F73001D2940 /* Main.storyboard in Resources */,
			);
			runOnlyForDeploymentPostprocessing = 0;
		};
		4B947B0B29996F75001D2940 /* Resources */ = {
			isa = PBXResourcesBuildPhase;
			buildActionMask = 2147483647;
			files = (
			);
			runOnlyForDeploymentPostprocessing = 0;
		};
		4B947B1529996F75001D2940 /* Resources */ = {
			isa = PBXResourcesBuildPhase;
			buildActionMask = 2147483647;
			files = (
			);
			runOnlyForDeploymentPostprocessing = 0;
		};
/* End PBXResourcesBuildPhase section */

/* Begin PBXSourcesBuildPhase section */
		4B947AF329996F73001D2940 /* Sources */ = {
			isa = PBXSourcesBuildPhase;
			buildActionMask = 2147483647;
			files = (
				4B947AFF29996F73001D2940 /* ViewController.swift in Sources */,
				4B947AFB29996F73001D2940 /* AppDelegate.swift in Sources */,
				4B947AFD29996F73001D2940 /* SceneDelegate.swift in Sources */,
			);
			runOnlyForDeploymentPostprocessing = 0;
		};
		4B947B0929996F75001D2940 /* Sources */ = {
			isa = PBXSourcesBuildPhase;
			buildActionMask = 2147483647;
			files = (
				4B947B1229996F75001D2940 /* Nelavelli_CalculatorAppTests.swift in Sources */,
			);
			runOnlyForDeploymentPostprocessing = 0;
		};
		4B947B1329996F75001D2940 /* Sources */ = {
			isa = PBXSourcesBuildPhase;
			buildActionMask = 2147483647;
			files = (
				4B947B1C29996F75001D2940 /* Nelavelli_CalculatorAppUITests.swift in Sources */,
				4B947B1E29996F75001D2940 /* Nelavelli_CalculatorAppUITestsLaunchTests.swift in Sources */,
			);
			runOnlyForDeploymentPostprocessing = 0;
		};
/* End PBXSourcesBuildPhase section */

/* Begin PBXTargetDependency section */
		4B947B0F29996F75001D2940 /* PBXTargetDependency */ = {
			isa = PBXTargetDependency;
			target = 4B947AF629996F73001D2940 /* Nelavelli_CalculatorApp */;
			targetProxy = 4B947B0E29996F75001D2940 /* PBXContainerItemProxy */;
		};
		4B947B1929996F75001D2940 /* PBXTargetDependency */ = {
			isa = PBXTargetDependency;
			target = 4B947AF629996F73001D2940 /* Nelavelli_CalculatorApp */;
			targetProxy = 4B947B1829996F75001D2940 /* PBXContainerItemProxy */;
		};
/* End PBXTargetDependency section */

/* Begin PBXVariantGroup section */
		4B947B0029996F73001D2940 /* Main.storyboard */ = {
			isa = PBXVariantGroup;
			children = (
				4B947B0129996F73001D2940 /* Base */,
			);
			name = Main.storyboard;
			sourceTree = "<group>";
		};
		4B947B0529996F75001D2940 /* LaunchScreen.storyboard */ = {
			isa = PBXVariantGroup;
			children = (
				4B947B0629996F75001D2940 /* Base */,
			);
			name = LaunchScreen.storyboard;
			sourceTree = "<group>";
		};
/* End PBXVariantGroup section */

/* Begin XCBuildConfiguration section */
		4B947B1F29996F75001D2940 /* Debug */ = {
			isa = XCBuildConfiguration;
			buildSettings = {
				ALWAYS_SEARCH_USER_PATHS = NO;
				CLANG_ANALYZER_NONNULL = YES;
				CLANG_ANALYZER_NUMBER_OBJECT_CONVERSION = YES_AGGRESSIVE;
				CLANG_CXX_LANGUAGE_STANDARD = "gnu++17";
				CLANG_ENABLE_MODULES = YES;
				CLANG_ENABLE_OBJC_ARC = YES;
				CLANG_ENABLE_OBJC_WEAK = YES;
				CLANG_WARN_BLOCK_CAPTURE_AUTORELEASING = YES;
				CLANG_WARN_BOOL_CONVERSION = YES;
				CLANG_WARN_COMMA = YES;
				CLANG_WARN_CONSTANT_CONVERSION = YES;
				CLANG_WARN_DEPRECATED_OBJC_IMPLEMENTATIONS = YES;
				CLANG_WARN_DIRECT_OBJC_ISA_USAGE = YES_ERROR;
				CLANG_WARN_DOCUMENTATION_COMMENTS = YES;
				CLANG_WARN_EMPTY_BODY = YES;
				CLANG_WARN_ENUM_CONVERSION = YES;
				CLANG_WARN_INFINITE_RECURSION = YES;
				CLANG_WARN_INT_CONVERSION = YES;
				CLANG_WARN_NON_LITERAL_NULL_CONVERSION = YES;
				CLANG_WARN_OBJC_IMPLICIT_RETAIN_SELF = YES;
				CLANG_WARN_OBJC_LITERAL_CONVERSION = YES;
				CLANG_WARN_OBJC_ROOT_CLASS = YES_ERROR;
				CLANG_WARN_QUOTED_INCLUDE_IN_FRAMEWORK_HEADER = YES;
				CLANG_WARN_RANGE_LOOP_ANALYSIS = YES;
				CLANG_WARN_STRICT_PROTOTYPES = YES;
				CLANG_WARN_SUSPICIOUS_MOVE = YES;
				CLANG_WARN_UNGUARDED_AVAILABILITY = YES_AGGRESSIVE;
				CLANG_WARN_UNREACHABLE_CODE = YES;
				CLANG_WARN__DUPLICATE_METHOD_MATCH = YES;
				COPY_PHASE_STRIP = NO;
				DEBUG_INFORMATION_FORMAT = dwarf;
				ENABLE_STRICT_OBJC_MSGSEND = YES;
				ENABLE_TESTABILITY = YES;
				GCC_C_LANGUAGE_STANDARD = gnu11;
				GCC_DYNAMIC_NO_PIC = NO;
				GCC_NO_COMMON_BLOCKS = YES;
				GCC_OPTIMIZATION_LEVEL = 0;
				GCC_PREPROCESSOR_DEFINITIONS = (
					"DEBUG=1",
					"$(inherited)",
				);
				GCC_WARN_64_TO_32_BIT_CONVERSION = YES;
				GCC_WARN_ABOUT_RETURN_TYPE = YES_ERROR;
				GCC_WARN_UNDECLARED_SELECTOR = YES;
				GCC_WARN_UNINITIALIZED_AUTOS = YES_AGGRESSIVE;
				GCC_WARN_UNUSED_FUNCTION = YES;
				GCC_WARN_UNUSED_VARIABLE = YES;
				IPHONEOS_DEPLOYMENT_TARGET = 15.5;
				MTL_ENABLE_DEBUG_INFO = INCLUDE_SOURCE;
				MTL_FAST_MATH = YES;
				ONLY_ACTIVE_ARCH = YES;
				SDKROOT = iphoneos;
				SWIFT_ACTIVE_COMPILATION_CONDITIONS = DEBUG;
				SWIFT_OPTIMIZATION_LEVEL = "-Onone";
			};
			name = Debug;
		};
		4B947B2029996F75001D2940 /* Release */ = {
			isa = XCBuildConfiguration;
			buildSettings = {
				ALWAYS_SEARCH_USER_PATHS = NO;
				CLANG_ANALYZER_NONNULL = YES;
				CLANG_ANALYZER_NUMBER_OBJECT_CONVERSION = YES_AGGRESSIVE;
				CLANG_CXX_LANGUAGE_STANDARD = "gnu++17";
				CLANG_ENABLE_MODULES = YES;
				CLANG_ENABLE_OBJC_ARC = YES;
				CLANG_ENABLE_OBJC_WEAK = YES;
				CLANG_WARN_BLOCK_CAPTURE_AUTORELEASING = YES;
				CLANG_WARN_BOOL_CONVERSION = YES;
				CLANG_WARN_COMMA = YES;
				CLANG_WARN_CONSTANT_CONVERSION = YES;
				CLANG_WARN_DEPRECATED_OBJC_IMPLEMENTATIONS = YES;
				CLANG_WARN_DIRECT_OBJC_ISA_USAGE = YES_ERROR;
				CLANG_WARN_DOCUMENTATION_COMMENTS = YES;
				CLANG_WARN_EMPTY_BODY = YES;
				CLANG_WARN_ENUM_CONVERSION = YES;
				CLANG_WARN_INFINITE_RECURSION = YES;
				CLANG_WARN_INT_CONVERSION = YES;
				CLANG_WARN_NON_LITERAL_NULL_CONVERSION = YES;
				CLANG_WARN_OBJC_IMPLICIT_RETAIN_SELF = YES;
				CLANG_WARN_OBJC_LITERAL_CONVERSION = YES;
				CLANG_WARN_OBJC_ROOT_CLASS = YES_ERROR;
				CLANG_WARN_QUOTED_INCLUDE_IN_FRAMEWORK_HEADER = YES;
				CLANG_WARN_RANGE_LOOP_ANALYSIS = YES;
				CLANG_WARN_STRICT_PROTOTYPES = YES;
				CLANG_WARN_SUSPICIOUS_MOVE = YES;
				CLANG_WARN_UNGUARDED_AVAILABILITY = YES_AGGRESSIVE;
				CLANG_WARN_UNREACHABLE_CODE = YES;
				CLANG_WARN__DUPLICATE_METHOD_MATCH = YES;
				COPY_PHASE_STRIP = NO;
				DEBUG_INFORMATION_FORMAT = "dwarf-with-dsym";
				ENABLE_NS_ASSERTIONS = NO;
				ENABLE_STRICT_OBJC_MSGSEND = YES;
				GCC_C_LANGUAGE_STANDARD = gnu11;
				GCC_NO_COMMON_BLOCKS = YES;
				GCC_WARN_64_TO_32_BIT_CONVERSION = YES;
				GCC_WARN_ABOUT_RETURN_TYPE = YES_ERROR;
				GCC_WARN_UNDECLARED_SELECTOR = YES;
				GCC_WARN_UNINITIALIZED_AUTOS = YES_AGGRESSIVE;
				GCC_WARN_UNUSED_FUNCTION = YES;
				GCC_WARN_UNUSED_VARIABLE = YES;
				IPHONEOS_DEPLOYMENT_TARGET = 15.5;
				MTL_ENABLE_DEBUG_INFO = NO;
				MTL_FAST_MATH = YES;
				SDKROOT = iphoneos;
				SWIFT_COMPILATION_MODE = wholemodule;
				SWIFT_OPTIMIZATION_LEVEL = "-O";
				VALIDATE_PRODUCT = YES;
			};
			name = Release;
		};
		4B947B2229996F75001D2940 /* Debug */ = {
			isa = XCBuildConfiguration;
			buildSettings = {
				ASSETCATALOG_COMPILER_APPICON_NAME = AppIcon;
				ASSETCATALOG_COMPILER_GLOBAL_ACCENT_COLOR_NAME = AccentColor;
				CODE_SIGN_STYLE = Automatic;
				CURRENT_PROJECT_VERSION = 1;
				GENERATE_INFOPLIST_FILE = YES;
				INFOPLIST_FILE = Nelavelli_CalculatorApp/Info.plist;
				INFOPLIST_KEY_UIApplicationSupportsIndirectInputEvents = YES;
				INFOPLIST_KEY_UILaunchStoryboardName = LaunchScreen;
				INFOPLIST_KEY_UIMainStoryboardFile = Main;
				INFOPLIST_KEY_UISupportedInterfaceOrientations_iPad = "UIInterfaceOrientationPortrait UIInterfaceOrientationPortraitUpsideDown UIInterfaceOrientationLandscapeLeft UIInterfaceOrientationLandscapeRight";
				INFOPLIST_KEY_UISupportedInterfaceOrientations_iPhone = "UIInterfaceOrientationPortrait UIInterfaceOrientationLandscapeLeft UIInterfaceOrientationLandscapeRight";
				LD_RUNPATH_SEARCH_PATHS = (
					"$(inherited)",
					"@executable_path/Frameworks",
				);
				MARKETING_VERSION = 1.0;
				PRODUCT_BUNDLE_IDENTIFIER = "nwmissouri.edu.Nelavelli-CalculatorApp";
				PRODUCT_NAME = "$(TARGET_NAME)";
				SWIFT_EMIT_LOC_STRINGS = YES;
				SWIFT_VERSION = 5.0;
				TARGETED_DEVICE_FAMILY = "1,2";
			};
			name = Debug;
		};
		4B947B2329996F75001D2940 /* Release */ = {
			isa = XCBuildConfiguration;
			buildSettings = {
				ASSETCATALOG_COMPILER_APPICON_NAME = AppIcon;
				ASSETCATALOG_COMPILER_GLOBAL_ACCENT_COLOR_NAME = AccentColor;
				CODE_SIGN_STYLE = Automatic;
				CURRENT_PROJECT_VERSION = 1;
				GENERATE_INFOPLIST_FILE = YES;
				INFOPLIST_FILE = Nelavelli_CalculatorApp/Info.plist;
				INFOPLIST_KEY_UIApplicationSupportsIndirectInputEvents = YES;
				INFOPLIST_KEY_UILaunchStoryboardName = LaunchScreen;
				INFOPLIST_KEY_UIMainStoryboardFile = Main;
				INFOPLIST_KEY_UISupportedInterfaceOrientations_iPad = "UIInterfaceOrientationPortrait UIInterfaceOrientationPortraitUpsideDown UIInterfaceOrientationLandscapeLeft UIInterfaceOrientationLandscapeRight";
				INFOPLIST_KEY_UISupportedInterfaceOrientations_iPhone = "UIInterfaceOrientationPortrait UIInterfaceOrientationLandscapeLeft UIInterfaceOrientationLandscapeRight";
				LD_RUNPATH_SEARCH_PATHS = (
					"$(inherited)",
					"@executable_path/Frameworks",
				);
				MARKETING_VERSION = 1.0;
				PRODUCT_BUNDLE_IDENTIFIER = "nwmissouri.edu.Nelavelli-CalculatorApp";
				PRODUCT_NAME = "$(TARGET_NAME)";
				SWIFT_EMIT_LOC_STRINGS = YES;
				SWIFT_VERSION = 5.0;
				TARGETED_DEVICE_FAMILY = "1,2";
			};
			name = Release;
		};
		4B947B2529996F75001D2940 /* Debug */ = {
			isa = XCBuildConfiguration;
			buildSettings = {
				ALWAYS_EMBED_SWIFT_STANDARD_LIBRARIES = YES;
				BUNDLE_LOADER = "$(TEST_HOST)";
				CODE_SIGN_STYLE = Automatic;
				CURRENT_PROJECT_VERSION = 1;
				GENERATE_INFOPLIST_FILE = YES;
				IPHONEOS_DEPLOYMENT_TARGET = 15.5;
				MARKETING_VERSION = 1.0;
				PRODUCT_BUNDLE_IDENTIFIER = "nwmissouri.edu.Nelavelli-CalculatorAppTests";
				PRODUCT_NAME = "$(TARGET_NAME)";
				SWIFT_EMIT_LOC_STRINGS = NO;
				SWIFT_VERSION = 5.0;
				TARGETED_DEVICE_FAMILY = "1,2";
				TEST_HOST = "$(BUILT_PRODUCTS_DIR)/Nelavelli_CalculatorApp.app/Nelavelli_CalculatorApp";
			};
			name = Debug;
		};
		4B947B2629996F75001D2940 /* Release */ = {
			isa = XCBuildConfiguration;
			buildSettings = {
				ALWAYS_EMBED_SWIFT_STANDARD_LIBRARIES = YES;
				BUNDLE_LOADER = "$(TEST_HOST)";
				CODE_SIGN_STYLE = Automatic;
				CURRENT_PROJECT_VERSION = 1;
				GENERATE_INFOPLIST_FILE = YES;
				IPHONEOS_DEPLOYMENT_TARGET = 15.5;
				MARKETING_VERSION = 1.0;
				PRODUCT_BUNDLE_IDENTIFIER = "nwmissouri.edu.Nelavelli-CalculatorAppTests";
				PRODUCT_NAME = "$(TARGET_NAME)";
				SWIFT_EMIT_LOC_STRINGS = NO;
				SWIFT_VERSION = 5.0;
				TARGETED_DEVICE_FAMILY = "1,2";
				TEST_HOST = "$(BUILT_PRODUCTS_DIR)/Nelavelli_CalculatorApp.app/Nelavelli_CalculatorApp";
			};
			name = Release;
		};
		4B947B2829996F75001D2940 /* Debug */ = {
			isa = XCBuildConfiguration;
			buildSettings = {
				ALWAYS_EMBED_SWIFT_STANDARD_LIBRARIES = YES;
				CODE_SIGN_STYLE = Automatic;
				CURRENT_PROJECT_VERSION = 1;
				GENERATE_INFOPLIST_FILE = YES;
				MARKETING_VERSION = 1.0;
				PRODUCT_BUNDLE_IDENTIFIER = "nwmissouri.edu.Nelavelli-CalculatorAppUITests";
				PRODUCT_NAME = "$(TARGET_NAME)";
				SWIFT_EMIT_LOC_STRINGS = NO;
				SWIFT_VERSION = 5.0;
				TARGETED_DEVICE_FAMILY = "1,2";
				TEST_TARGET_NAME = Nelavelli_CalculatorApp;
			};
			name = Debug;
		};
		4B947B2929996F75001D2940 /* Release */ = {
			isa = XCBuildConfiguration;
			buildSettings = {
				ALWAYS_EMBED_SWIFT_STANDARD_LIBRARIES = YES;
				CODE_SIGN_STYLE = Automatic;
				CURRENT_PROJECT_VERSION = 1;
				GENERATE_INFOPLIST_FILE = YES;
				MARKETING_VERSION = 1.0;
				PRODUCT_BUNDLE_IDENTIFIER = "nwmissouri.edu.Nelavelli-CalculatorAppUITests";
				PRODUCT_NAME = "$(TARGET_NAME)";
				SWIFT_EMIT_LOC_STRINGS = NO;
				SWIFT_VERSION = 5.0;
				TARGETED_DEVICE_FAMILY = "1,2";
				TEST_TARGET_NAME = Nelavelli_CalculatorApp;
			};
			name = Release;
		};
/* End XCBuildConfiguration section */

/* Begin XCConfigurationList section */
		4B947AF229996F73001D2940 /* Build configuration list for PBXProject "Nelavelli_CalculatorApp" */ = {
			isa = XCConfigurationList;
			buildConfigurations = (
				4B947B1F29996F75001D2940 /* Debug */,
				4B947B2029996F75001D2940 /* Release */,
			);
			defaultConfigurationIsVisible = 0;
			defaultConfigurationName = Release;
		};
		4B947B2129996F75001D2940 /* Build configuration list for PBXNativeTarget "Nelavelli_CalculatorApp" */ = {
			isa = XCConfigurationList;
			buildConfigurations = (
				4B947B2229996F75001D2940 /* Debug */,
				4B947B2329996F75001D2940 /* Release */,
			);
			defaultConfigurationIsVisible = 0;
			defaultConfigurationName = Release;
		};
		4B947B2429996F75001D2940 /* Build configuration list for PBXNativeTarget "Nelavelli_CalculatorAppTests" */ = {
			isa = XCConfigurationList;
			buildConfigurations = (
				4B947B2529996F75001D2940 /* Debug */,
				4B947B2629996F75001D2940 /* Release */,
			);
			defaultConfigurationIsVisible = 0;
			defaultConfigurationName = Release;
		};
		4B947B2729996F75001D2940 /* Build configuration list for PBXNativeTarget "Nelavelli_CalculatorAppUITests" */ = {
			isa = XCConfigurationList;
			buildConfigurations = (
				4B947B2829996F75001D2940 /* Debug */,
				4B947B2929996F75001D2940 /* Release */,
			);
			defaultConfigurationIsVisible = 0;
			defaultConfigurationName = Release;
		};
/* End XCConfigurationList section */
	};
	rootObject = 4B947AEF29996F73001D2940 /* Project object */;
}
