// !$*UTF8*$!
{
	archiveVersion = 1;
	classes = {
	};
	objectVersion = 55;
	objects = {

/* Begin PBXBuildFile section */
		4BBDCA62299BCD7C0034A558 /* AppDelegate.swift in Sources */ = {isa = PBXBuildFile; fileRef = 4BBDCA61299BCD7C0034A558 /* AppDelegate.swift */; };
		4BBDCA64299BCD7C0034A558 /* SceneDelegate.swift in Sources */ = {isa = PBXBuildFile; fileRef = 4BBDCA63299BCD7C0034A558 /* SceneDelegate.swift */; };
		4BBDCA66299BCD7C0034A558 /* ViewController.swift in Sources */ = {isa = PBXBuildFile; fileRef = 4BBDCA65299BCD7C0034A558 /* ViewController.swift */; };
		4BBDCA69299BCD7C0034A558 /* Main.storyboard in Resources */ = {isa = PBXBuildFile; fileRef = 4BBDCA67299BCD7C0034A558 /* Main.storyboard */; };
		4BBDCA6B299BCD7E0034A558 /* Assets.xcassets in Resources */ = {isa = PBXBuildFile; fileRef = 4BBDCA6A299BCD7E0034A558 /* Assets.xcassets */; };
		4BBDCA6E299BCD7E0034A558 /* LaunchScreen.storyboard in Resources */ = {isa = PBXBuildFile; fileRef = 4BBDCA6C299BCD7E0034A558 /* LaunchScreen.storyboard */; };
		4BBDCA79299BCD7E0034A558 /* DiscountAppTests.swift in Sources */ = {isa = PBXBuildFile; fileRef = 4BBDCA78299BCD7E0034A558 /* DiscountAppTests.swift */; };
		4BBDCA83299BCD7E0034A558 /* DiscountAppUITests.swift in Sources */ = {isa = PBXBuildFile; fileRef = 4BBDCA82299BCD7E0034A558 /* DiscountAppUITests.swift */; };
		4BBDCA85299BCD7E0034A558 /* DiscountAppUITestsLaunchTests.swift in Sources */ = {isa = PBXBuildFile; fileRef = 4BBDCA84299BCD7E0034A558 /* DiscountAppUITestsLaunchTests.swift */; };
/* End PBXBuildFile section */

/* Begin PBXContainerItemProxy section */
		4BBDCA75299BCD7E0034A558 /* PBXContainerItemProxy */ = {
			isa = PBXContainerItemProxy;
			containerPortal = 4BBDCA56299BCD7C0034A558 /* Project object */;
			proxyType = 1;
			remoteGlobalIDString = 4BBDCA5D299BCD7C0034A558;
			remoteInfo = DiscountApp;
		};
		4BBDCA7F299BCD7E0034A558 /* PBXContainerItemProxy */ = {
			isa = PBXContainerItemProxy;
			containerPortal = 4BBDCA56299BCD7C0034A558 /* Project object */;
			proxyType = 1;
			remoteGlobalIDString = 4BBDCA5D299BCD7C0034A558;
			remoteInfo = DiscountApp;
		};
/* End PBXContainerItemProxy section */

/* Begin PBXFileReference section */
		4BBDCA5E299BCD7C0034A558 /* DiscountApp.app */ = {isa = PBXFileReference; explicitFileType = wrapper.application; includeInIndex = 0; path = DiscountApp.app; sourceTree = BUILT_PRODUCTS_DIR; };
		4BBDCA61299BCD7C0034A558 /* AppDelegate.swift */ = {isa = PBXFileReference; lastKnownFileType = sourcecode.swift; path = AppDelegate.swift; sourceTree = "<group>"; };
		4BBDCA63299BCD7C0034A558 /* SceneDelegate.swift */ = {isa = PBXFileReference; lastKnownFileType = sourcecode.swift; path = SceneDelegate.swift; sourceTree = "<group>"; };
		4BBDCA65299BCD7C0034A558 /* ViewController.swift */ = {isa = PBXFileReference; lastKnownFileType = sourcecode.swift; path = ViewController.swift; sourceTree = "<group>"; };
		4BBDCA68299BCD7C0034A558 /* Base */ = {isa = PBXFileReference; lastKnownFileType = file.storyboard; name = Base; path = Base.lproj/Main.storyboard; sourceTree = "<group>"; };
		4BBDCA6A299BCD7E0034A558 /* Assets.xcassets */ = {isa = PBXFileReference; lastKnownFileType = folder.assetcatalog; path = Assets.xcassets; sourceTree = "<group>"; };
		4BBDCA6D299BCD7E0034A558 /* Base */ = {isa = PBXFileReference; lastKnownFileType = file.storyboard; name = Base; path = Base.lproj/LaunchScreen.storyboard; sourceTree = "<group>"; };
		4BBDCA6F299BCD7E0034A558 /* Info.plist */ = {isa = PBXFileReference; lastKnownFileType = text.plist.xml; path = Info.plist; sourceTree = "<group>"; };
		4BBDCA74299BCD7E0034A558 /* DiscountAppTests.xctest */ = {isa = PBXFileReference; explicitFileType = wrapper.cfbundle; includeInIndex = 0; path = DiscountAppTests.xctest; sourceTree = BUILT_PRODUCTS_DIR; };
		4BBDCA78299BCD7E0034A558 /* DiscountAppTests.swift */ = {isa = PBXFileReference; lastKnownFileType = sourcecode.swift; path = DiscountAppTests.swift; sourceTree = "<group>"; };
		4BBDCA7E299BCD7E0034A558 /* DiscountAppUITests.xctest */ = {isa = PBXFileReference; explicitFileType = wrapper.cfbundle; includeInIndex = 0; path = DiscountAppUITests.xctest; sourceTree = BUILT_PRODUCTS_DIR; };
		4BBDCA82299BCD7E0034A558 /* DiscountAppUITests.swift */ = {isa = PBXFileReference; lastKnownFileType = sourcecode.swift; path = DiscountAppUITests.swift; sourceTree = "<group>"; };
		4BBDCA84299BCD7E0034A558 /* DiscountAppUITestsLaunchTests.swift */ = {isa = PBXFileReference; lastKnownFileType = sourcecode.swift; path = DiscountAppUITestsLaunchTests.swift; sourceTree = "<group>"; };
/* End PBXFileReference section */

/* Begin PBXFrameworksBuildPhase section */
		4BBDCA5B299BCD7C0034A558 /* Frameworks */ = {
			isa = PBXFrameworksBuildPhase;
			buildActionMask = 2147483647;
			files = (
			);
			runOnlyForDeploymentPostprocessing = 0;
		};
		4BBDCA71299BCD7E0034A558 /* Frameworks */ = {
			isa = PBXFrameworksBuildPhase;
			buildActionMask = 2147483647;
			files = (
			);
			runOnlyForDeploymentPostprocessing = 0;
		};
		4BBDCA7B299BCD7E0034A558 /* Frameworks */ = {
			isa = PBXFrameworksBuildPhase;
			buildActionMask = 2147483647;
			files = (
			);
			runOnlyForDeploymentPostprocessing = 0;
		};
/* End PBXFrameworksBuildPhase section */

/* Begin PBXGroup section */
		4BBDCA55299BCD7C0034A558 = {
			isa = PBXGroup;
			children = (
				4BBDCA60299BCD7C0034A558 /* DiscountApp */,
				4BBDCA77299BCD7E0034A558 /* DiscountAppTests */,
				4BBDCA81299BCD7E0034A558 /* DiscountAppUITests */,
				4BBDCA5F299BCD7C0034A558 /* Products */,
			);
			sourceTree = "<group>";
		};
		4BBDCA5F299BCD7C0034A558 /* Products */ = {
			isa = PBXGroup;
			children = (
				4BBDCA5E299BCD7C0034A558 /* DiscountApp.app */,
				4BBDCA74299BCD7E0034A558 /* DiscountAppTests.xctest */,
				4BBDCA7E299BCD7E0034A558 /* DiscountAppUITests.xctest */,
			);
			name = Products;
			sourceTree = "<group>";
		};
		4BBDCA60299BCD7C0034A558 /* DiscountApp */ = {
			isa = PBXGroup;
			children = (
				4BBDCA61299BCD7C0034A558 /* AppDelegate.swift */,
				4BBDCA63299BCD7C0034A558 /* SceneDelegate.swift */,
				4BBDCA65299BCD7C0034A558 /* ViewController.swift */,
				4BBDCA67299BCD7C0034A558 /* Main.storyboard */,
				4BBDCA6A299BCD7E0034A558 /* Assets.xcassets */,
				4BBDCA6C299BCD7E0034A558 /* LaunchScreen.storyboard */,
				4BBDCA6F299BCD7E0034A558 /* Info.plist */,
			);
			path = DiscountApp;
			sourceTree = "<group>";
		};
		4BBDCA77299BCD7E0034A558 /* DiscountAppTests */ = {
			isa = PBXGroup;
			children = (
				4BBDCA78299BCD7E0034A558 /* DiscountAppTests.swift */,
			);
			path = DiscountAppTests;
			sourceTree = "<group>";
		};
		4BBDCA81299BCD7E0034A558 /* DiscountAppUITests */ = {
			isa = PBXGroup;
			children = (
				4BBDCA82299BCD7E0034A558 /* DiscountAppUITests.swift */,
				4BBDCA84299BCD7E0034A558 /* DiscountAppUITestsLaunchTests.swift */,
			);
			path = DiscountAppUITests;
			sourceTree = "<group>";
		};
/* End PBXGroup section */

/* Begin PBXNativeTarget section */
		4BBDCA5D299BCD7C0034A558 /* DiscountApp */ = {
			isa = PBXNativeTarget;
			buildConfigurationList = 4BBDCA88299BCD7E0034A558 /* Build configuration list for PBXNativeTarget "DiscountApp" */;
			buildPhases = (
				4BBDCA5A299BCD7C0034A558 /* Sources */,
				4BBDCA5B299BCD7C0034A558 /* Frameworks */,
				4BBDCA5C299BCD7C0034A558 /* Resources */,
			);
			buildRules = (
			);
			dependencies = (
			);
			name = DiscountApp;
			productName = DiscountApp;
			productReference = 4BBDCA5E299BCD7C0034A558 /* DiscountApp.app */;
			productType = "com.apple.product-type.application";
		};
		4BBDCA73299BCD7E0034A558 /* DiscountAppTests */ = {
			isa = PBXNativeTarget;
			buildConfigurationList = 4BBDCA8B299BCD7E0034A558 /* Build configuration list for PBXNativeTarget "DiscountAppTests" */;
			buildPhases = (
				4BBDCA70299BCD7E0034A558 /* Sources */,
				4BBDCA71299BCD7E0034A558 /* Frameworks */,
				4BBDCA72299BCD7E0034A558 /* Resources */,
			);
			buildRules = (
			);
			dependencies = (
				4BBDCA76299BCD7E0034A558 /* PBXTargetDependency */,
			);
			name = DiscountAppTests;
			productName = DiscountAppTests;
			productReference = 4BBDCA74299BCD7E0034A558 /* DiscountAppTests.xctest */;
			productType = "com.apple.product-type.bundle.unit-test";
		};
		4BBDCA7D299BCD7E0034A558 /* DiscountAppUITests */ = {
			isa = PBXNativeTarget;
			buildConfigurationList = 4BBDCA8E299BCD7E0034A558 /* Build configuration list for PBXNativeTarget "DiscountAppUITests" */;
			buildPhases = (
				4BBDCA7A299BCD7E0034A558 /* Sources */,
				4BBDCA7B299BCD7E0034A558 /* Frameworks */,
				4BBDCA7C299BCD7E0034A558 /* Resources */,
			);
			buildRules = (
			);
			dependencies = (
				4BBDCA80299BCD7E0034A558 /* PBXTargetDependency */,
			);
			name = DiscountAppUITests;
			productName = DiscountAppUITests;
			productReference = 4BBDCA7E299BCD7E0034A558 /* DiscountAppUITests.xctest */;
			productType = "com.apple.product-type.bundle.ui-testing";
		};
/* End PBXNativeTarget section */

/* Begin PBXProject section */
		4BBDCA56299BCD7C0034A558 /* Project object */ = {
			isa = PBXProject;
			attributes = {
				BuildIndependentTargetsInParallel = 1;
				LastSwiftUpdateCheck = 1340;
				LastUpgradeCheck = 1340;
				TargetAttributes = {
					4BBDCA5D299BCD7C0034A558 = {
						CreatedOnToolsVersion = 13.4.1;
					};
					4BBDCA73299BCD7E0034A558 = {
						CreatedOnToolsVersion = 13.4.1;
						TestTargetID = 4BBDCA5D299BCD7C0034A558;
					};
					4BBDCA7D299BCD7E0034A558 = {
						CreatedOnToolsVersion = 13.4.1;
						TestTargetID = 4BBDCA5D299BCD7C0034A558;
					};
				};
			};
			buildConfigurationList = 4BBDCA59299BCD7C0034A558 /* Build configuration list for PBXProject "DiscountApp" */;
			compatibilityVersion = "Xcode 13.0";
			developmentRegion = en;
			hasScannedForEncodings = 0;
			knownRegions = (
				en,
				Base,
			);
			mainGroup = 4BBDCA55299BCD7C0034A558;
			productRefGroup = 4BBDCA5F299BCD7C0034A558 /* Products */;
			projectDirPath = "";
			projectRoot = "";
			targets = (
				4BBDCA5D299BCD7C0034A558 /* DiscountApp */,
				4BBDCA73299BCD7E0034A558 /* DiscountAppTests */,
				4BBDCA7D299BCD7E0034A558 /* DiscountAppUITests */,
			);
		};
/* End PBXProject section */

/* Begin PBXResourcesBuildPhase section */
		4BBDCA5C299BCD7C0034A558 /* Resources */ = {
			isa = PBXResourcesBuildPhase;
			buildActionMask = 2147483647;
			files = (
				4BBDCA6E299BCD7E0034A558 /* LaunchScreen.storyboard in Resources */,
				4BBDCA6B299BCD7E0034A558 /* Assets.xcassets in Resources */,
				4BBDCA69299BCD7C0034A558 /* Main.storyboard in Resources */,
			);
			runOnlyForDeploymentPostprocessing = 0;
		};
		4BBDCA72299BCD7E0034A558 /* Resources */ = {
			isa = PBXResourcesBuildPhase;
			buildActionMask = 2147483647;
			files = (
			);
			runOnlyForDeploymentPostprocessing = 0;
		};
		4BBDCA7C299BCD7E0034A558 /* Resources */ = {
			isa = PBXResourcesBuildPhase;
			buildActionMask = 2147483647;
			files = (
			);
			runOnlyForDeploymentPostprocessing = 0;
		};
/* End PBXResourcesBuildPhase section */

/* Begin PBXSourcesBuildPhase section */
		4BBDCA5A299BCD7C0034A558 /* Sources */ = {
			isa = PBXSourcesBuildPhase;
			buildActionMask = 2147483647;
			files = (
				4BBDCA66299BCD7C0034A558 /* ViewController.swift in Sources */,
				4BBDCA62299BCD7C0034A558 /* AppDelegate.swift in Sources */,
				4BBDCA64299BCD7C0034A558 /* SceneDelegate.swift in Sources */,
			);
			runOnlyForDeploymentPostprocessing = 0;
		};
		4BBDCA70299BCD7E0034A558 /* Sources */ = {
			isa = PBXSourcesBuildPhase;
			buildActionMask = 2147483647;
			files = (
				4BBDCA79299BCD7E0034A558 /* DiscountAppTests.swift in Sources */,
			);
			runOnlyForDeploymentPostprocessing = 0;
		};
		4BBDCA7A299BCD7E0034A558 /* Sources */ = {
			isa = PBXSourcesBuildPhase;
			buildActionMask = 2147483647;
			files = (
				4BBDCA83299BCD7E0034A558 /* DiscountAppUITests.swift in Sources */,
				4BBDCA85299BCD7E0034A558 /* DiscountAppUITestsLaunchTests.swift in Sources */,
			);
			runOnlyForDeploymentPostprocessing = 0;
		};
/* End PBXSourcesBuildPhase section */

/* Begin PBXTargetDependency section */
		4BBDCA76299BCD7E0034A558 /* PBXTargetDependency */ = {
			isa = PBXTargetDependency;
			target = 4BBDCA5D299BCD7C0034A558 /* DiscountApp */;
			targetProxy = 4BBDCA75299BCD7E0034A558 /* PBXContainerItemProxy */;
		};
		4BBDCA80299BCD7E0034A558 /* PBXTargetDependency */ = {
			isa = PBXTargetDependency;
			target = 4BBDCA5D299BCD7C0034A558 /* DiscountApp */;
			targetProxy = 4BBDCA7F299BCD7E0034A558 /* PBXContainerItemProxy */;
		};
/* End PBXTargetDependency section */

/* Begin PBXVariantGroup section */
		4BBDCA67299BCD7C0034A558 /* Main.storyboard */ = {
			isa = PBXVariantGroup;
			children = (
				4BBDCA68299BCD7C0034A558 /* Base */,
			);
			name = Main.storyboard;
			sourceTree = "<group>";
		};
		4BBDCA6C299BCD7E0034A558 /* LaunchScreen.storyboard */ = {
			isa = PBXVariantGroup;
			children = (
				4BBDCA6D299BCD7E0034A558 /* Base */,
			);
			name = LaunchScreen.storyboard;
			sourceTree = "<group>";
		};
/* End PBXVariantGroup section */

/* Begin XCBuildConfiguration section */
		4BBDCA86299BCD7E0034A558 /* Debug */ = {
			isa = XCBuildConfiguration;
			buildSettings = {
				ALWAYS_SEARCH_USER_PATHS = NO;
				CLANG_ANALYZER_NONNULL = YES;
				CLANG_ANALYZER_NUMBER_OBJECT_CONVERSION = YES_AGGRESSIVE;
				CLANG_CXX_LANGUAGE_STANDARD = "gnu++17";
				CLANG_ENABLE_MODULES = YES;
				CLANG_ENABLE_OBJC_ARC = YES;
				CLANG_ENABLE_OBJC_WEAK = YES;
				CLANG_WARN_BLOCK_CAPTURE_AUTORELEASING = YES;
				CLANG_WARN_BOOL_CONVERSION = YES;
				CLANG_WARN_COMMA = YES;
				CLANG_WARN_CONSTANT_CONVERSION = YES;
				CLANG_WARN_DEPRECATED_OBJC_IMPLEMENTATIONS = YES;
				CLANG_WARN_DIRECT_OBJC_ISA_USAGE = YES_ERROR;
				CLANG_WARN_DOCUMENTATION_COMMENTS = YES;
				CLANG_WARN_EMPTY_BODY = YES;
				CLANG_WARN_ENUM_CONVERSION = YES;
				CLANG_WARN_INFINITE_RECURSION = YES;
				CLANG_WARN_INT_CONVERSION = YES;
				CLANG_WARN_NON_LITERAL_NULL_CONVERSION = YES;
				CLANG_WARN_OBJC_IMPLICIT_RETAIN_SELF = YES;
				CLANG_WARN_OBJC_LITERAL_CONVERSION = YES;
				CLANG_WARN_OBJC_ROOT_CLASS = YES_ERROR;
				CLANG_WARN_QUOTED_INCLUDE_IN_FRAMEWORK_HEADER = YES;
				CLANG_WARN_RANGE_LOOP_ANALYSIS = YES;
				CLANG_WARN_STRICT_PROTOTYPES = YES;
				CLANG_WARN_SUSPICIOUS_MOVE = YES;
				CLANG_WARN_UNGUARDED_AVAILABILITY = YES_AGGRESSIVE;
				CLANG_WARN_UNREACHABLE_CODE = YES;
				CLANG_WARN__DUPLICATE_METHOD_MATCH = YES;
				COPY_PHASE_STRIP = NO;
				DEBUG_INFORMATION_FORMAT = dwarf;
				ENABLE_STRICT_OBJC_MSGSEND = YES;
				ENABLE_TESTABILITY = YES;
				GCC_C_LANGUAGE_STANDARD = gnu11;
				GCC_DYNAMIC_NO_PIC = NO;
				GCC_NO_COMMON_BLOCKS = YES;
				GCC_OPTIMIZATION_LEVEL = 0;
				GCC_PREPROCESSOR_DEFINITIONS = (
					"DEBUG=1",
					"$(inherited)",
				);
				GCC_WARN_64_TO_32_BIT_CONVERSION = YES;
				GCC_WARN_ABOUT_RETURN_TYPE = YES_ERROR;
				GCC_WARN_UNDECLARED_SELECTOR = YES;
				GCC_WARN_UNINITIALIZED_AUTOS = YES_AGGRESSIVE;
				GCC_WARN_UNUSED_FUNCTION = YES;
				GCC_WARN_UNUSED_VARIABLE = YES;
				IPHONEOS_DEPLOYMENT_TARGET = 15.5;
				MTL_ENABLE_DEBUG_INFO = INCLUDE_SOURCE;
				MTL_FAST_MATH = YES;
				ONLY_ACTIVE_ARCH = YES;
				SDKROOT = iphoneos;
				SWIFT_ACTIVE_COMPILATION_CONDITIONS = DEBUG;
				SWIFT_OPTIMIZATION_LEVEL = "-Onone";
			};
			name = Debug;
		};
		4BBDCA87299BCD7E0034A558 /* Release */ = {
			isa = XCBuildConfiguration;
			buildSettings = {
				ALWAYS_SEARCH_USER_PATHS = NO;
				CLANG_ANALYZER_NONNULL = YES;
				CLANG_ANALYZER_NUMBER_OBJECT_CONVERSION = YES_AGGRESSIVE;
				CLANG_CXX_LANGUAGE_STANDARD = "gnu++17";
				CLANG_ENABLE_MODULES = YES;
				CLANG_ENABLE_OBJC_ARC = YES;
				CLANG_ENABLE_OBJC_WEAK = YES;
				CLANG_WARN_BLOCK_CAPTURE_AUTORELEASING = YES;
				CLANG_WARN_BOOL_CONVERSION = YES;
				CLANG_WARN_COMMA = YES;
				CLANG_WARN_CONSTANT_CONVERSION = YES;
				CLANG_WARN_DEPRECATED_OBJC_IMPLEMENTATIONS = YES;
				CLANG_WARN_DIRECT_OBJC_ISA_USAGE = YES_ERROR;
				CLANG_WARN_DOCUMENTATION_COMMENTS = YES;
				CLANG_WARN_EMPTY_BODY = YES;
				CLANG_WARN_ENUM_CONVERSION = YES;
				CLANG_WARN_INFINITE_RECURSION = YES;
				CLANG_WARN_INT_CONVERSION = YES;
				CLANG_WARN_NON_LITERAL_NULL_CONVERSION = YES;
				CLANG_WARN_OBJC_IMPLICIT_RETAIN_SELF = YES;
				CLANG_WARN_OBJC_LITERAL_CONVERSION = YES;
				CLANG_WARN_OBJC_ROOT_CLASS = YES_ERROR;
				CLANG_WARN_QUOTED_INCLUDE_IN_FRAMEWORK_HEADER = YES;
				CLANG_WARN_RANGE_LOOP_ANALYSIS = YES;
				CLANG_WARN_STRICT_PROTOTYPES = YES;
				CLANG_WARN_SUSPICIOUS_MOVE = YES;
				CLANG_WARN_UNGUARDED_AVAILABILITY = YES_AGGRESSIVE;
				CLANG_WARN_UNREACHABLE_CODE = YES;
				CLANG_WARN__DUPLICATE_METHOD_MATCH = YES;
				COPY_PHASE_STRIP = NO;
				DEBUG_INFORMATION_FORMAT = "dwarf-with-dsym";
				ENABLE_NS_ASSERTIONS = NO;
				ENABLE_STRICT_OBJC_MSGSEND = YES;
				GCC_C_LANGUAGE_STANDARD = gnu11;
				GCC_NO_COMMON_BLOCKS = YES;
				GCC_WARN_64_TO_32_BIT_CONVERSION = YES;
				GCC_WARN_ABOUT_RETURN_TYPE = YES_ERROR;
				GCC_WARN_UNDECLARED_SELECTOR = YES;
				GCC_WARN_UNINITIALIZED_AUTOS = YES_AGGRESSIVE;
				GCC_WARN_UNUSED_FUNCTION = YES;
				GCC_WARN_UNUSED_VARIABLE = YES;
				IPHONEOS_DEPLOYMENT_TARGET = 15.5;
				MTL_ENABLE_DEBUG_INFO = NO;
				MTL_FAST_MATH = YES;
				SDKROOT = iphoneos;
				SWIFT_COMPILATION_MODE = wholemodule;
				SWIFT_OPTIMIZATION_LEVEL = "-O";
				VALIDATE_PRODUCT = YES;
			};
			name = Release;
		};
		4BBDCA89299BCD7E0034A558 /* Debug */ = {
			isa = XCBuildConfiguration;
			buildSettings = {
				ASSETCATALOG_COMPILER_APPICON_NAME = AppIcon;
				ASSETCATALOG_COMPILER_GLOBAL_ACCENT_COLOR_NAME = AccentColor;
				CODE_SIGN_STYLE = Automatic;
				CURRENT_PROJECT_VERSION = 1;
				GENERATE_INFOPLIST_FILE = YES;
				INFOPLIST_FILE = DiscountApp/Info.plist;
				INFOPLIST_KEY_UIApplicationSupportsIndirectInputEvents = YES;
				INFOPLIST_KEY_UILaunchStoryboardName = LaunchScreen;
				INFOPLIST_KEY_UIMainStoryboardFile = Main;
				INFOPLIST_KEY_UISupportedInterfaceOrientations_iPad = "UIInterfaceOrientationPortrait UIInterfaceOrientationPortraitUpsideDown UIInterfaceOrientationLandscapeLeft UIInterfaceOrientationLandscapeRight";
				INFOPLIST_KEY_UISupportedInterfaceOrientations_iPhone = "UIInterfaceOrientationPortrait UIInterfaceOrientationLandscapeLeft UIInterfaceOrientationLandscapeRight";
				LD_RUNPATH_SEARCH_PATHS = (
					"$(inherited)",
					"@executable_path/Frameworks",
				);
				MARKETING_VERSION = 1.0;
				PRODUCT_BUNDLE_IDENTIFIER = nwmissouri.edu.DiscountApp;
				PRODUCT_NAME = "$(TARGET_NAME)";
				SWIFT_EMIT_LOC_STRINGS = YES;
				SWIFT_VERSION = 5.0;
				TARGETED_DEVICE_FAMILY = "1,2";
			};
			name = Debug;
		};
		4BBDCA8A299BCD7E0034A558 /* Release */ = {
			isa = XCBuildConfiguration;
			buildSettings = {
				ASSETCATALOG_COMPILER_APPICON_NAME = AppIcon;
				ASSETCATALOG_COMPILER_GLOBAL_ACCENT_COLOR_NAME = AccentColor;
				CODE_SIGN_STYLE = Automatic;
				CURRENT_PROJECT_VERSION = 1;
				GENERATE_INFOPLIST_FILE = YES;
				INFOPLIST_FILE = DiscountApp/Info.plist;
				INFOPLIST_KEY_UIApplicationSupportsIndirectInputEvents = YES;
				INFOPLIST_KEY_UILaunchStoryboardName = LaunchScreen;
				INFOPLIST_KEY_UIMainStoryboardFile = Main;
				INFOPLIST_KEY_UISupportedInterfaceOrientations_iPad = "UIInterfaceOrientationPortrait UIInterfaceOrientationPortraitUpsideDown UIInterfaceOrientationLandscapeLeft UIInterfaceOrientationLandscapeRight";
				INFOPLIST_KEY_UISupportedInterfaceOrientations_iPhone = "UIInterfaceOrientationPortrait UIInterfaceOrientationLandscapeLeft UIInterfaceOrientationLandscapeRight";
				LD_RUNPATH_SEARCH_PATHS = (
					"$(inherited)",
					"@executable_path/Frameworks",
				);
				MARKETING_VERSION = 1.0;
				PRODUCT_BUNDLE_IDENTIFIER = nwmissouri.edu.DiscountApp;
				PRODUCT_NAME = "$(TARGET_NAME)";
				SWIFT_EMIT_LOC_STRINGS = YES;
				SWIFT_VERSION = 5.0;
				TARGETED_DEVICE_FAMILY = "1,2";
			};
			name = Release;
		};
		4BBDCA8C299BCD7E0034A558 /* Debug */ = {
			isa = XCBuildConfiguration;
			buildSettings = {
				ALWAYS_EMBED_SWIFT_STANDARD_LIBRARIES = YES;
				BUNDLE_LOADER = "$(TEST_HOST)";
				CODE_SIGN_STYLE = Automatic;
				CURRENT_PROJECT_VERSION = 1;
				GENERATE_INFOPLIST_FILE = YES;
				IPHONEOS_DEPLOYMENT_TARGET = 15.5;
				MARKETING_VERSION = 1.0;
				PRODUCT_BUNDLE_IDENTIFIER = nwmissouri.edu.DiscountAppTests;
				PRODUCT_NAME = "$(TARGET_NAME)";
				SWIFT_EMIT_LOC_STRINGS = NO;
				SWIFT_VERSION = 5.0;
				TARGETED_DEVICE_FAMILY = "1,2";
				TEST_HOST = "$(BUILT_PRODUCTS_DIR)/DiscountApp.app/DiscountApp";
			};
			name = Debug;
		};
		4BBDCA8D299BCD7E0034A558 /* Release */ = {
			isa = XCBuildConfiguration;
			buildSettings = {
				ALWAYS_EMBED_SWIFT_STANDARD_LIBRARIES = YES;
				BUNDLE_LOADER = "$(TEST_HOST)";
				CODE_SIGN_STYLE = Automatic;
				CURRENT_PROJECT_VERSION = 1;
				GENERATE_INFOPLIST_FILE = YES;
				IPHONEOS_DEPLOYMENT_TARGET = 15.5;
				MARKETING_VERSION = 1.0;
				PRODUCT_BUNDLE_IDENTIFIER = nwmissouri.edu.DiscountAppTests;
				PRODUCT_NAME = "$(TARGET_NAME)";
				SWIFT_EMIT_LOC_STRINGS = NO;
				SWIFT_VERSION = 5.0;
				TARGETED_DEVICE_FAMILY = "1,2";
				TEST_HOST = "$(BUILT_PRODUCTS_DIR)/DiscountApp.app/DiscountApp";
			};
			name = Release;
		};
		4BBDCA8F299BCD7E0034A558 /* Debug */ = {
			isa = XCBuildConfiguration;
			buildSettings = {
				ALWAYS_EMBED_SWIFT_STANDARD_LIBRARIES = YES;
				CODE_SIGN_STYLE = Automatic;
				CURRENT_PROJECT_VERSION = 1;
				GENERATE_INFOPLIST_FILE = YES;
				MARKETING_VERSION = 1.0;
				PRODUCT_BUNDLE_IDENTIFIER = nwmissouri.edu.DiscountAppUITests;
				PRODUCT_NAME = "$(TARGET_NAME)";
				SWIFT_EMIT_LOC_STRINGS = NO;
				SWIFT_VERSION = 5.0;
				TARGETED_DEVICE_FAMILY = "1,2";
				TEST_TARGET_NAME = DiscountApp;
			};
			name = Debug;
		};
		4BBDCA90299BCD7E0034A558 /* Release */ = {
			isa = XCBuildConfiguration;
			buildSettings = {
				ALWAYS_EMBED_SWIFT_STANDARD_LIBRARIES = YES;
				CODE_SIGN_STYLE = Automatic;
				CURRENT_PROJECT_VERSION = 1;
				GENERATE_INFOPLIST_FILE = YES;
				MARKETING_VERSION = 1.0;
				PRODUCT_BUNDLE_IDENTIFIER = nwmissouri.edu.DiscountAppUITests;
				PRODUCT_NAME = "$(TARGET_NAME)";
				SWIFT_EMIT_LOC_STRINGS = NO;
				SWIFT_VERSION = 5.0;
				TARGETED_DEVICE_FAMILY = "1,2";
				TEST_TARGET_NAME = DiscountApp;
			};
			name = Release;
		};
/* End XCBuildConfiguration section */

/* Begin XCConfigurationList section */
		4BBDCA59299BCD7C0034A558 /* Build configuration list for PBXProject "DiscountApp" */ = {
			isa = XCConfigurationList;
			buildConfigurations = (
				4BBDCA86299BCD7E0034A558 /* Debug */,
				4BBDCA87299BCD7E0034A558 /* Release */,
			);
			defaultConfigurationIsVisible = 0;
			defaultConfigurationName = Release;
		};
		4BBDCA88299BCD7E0034A558 /* Build configuration list for PBXNativeTarget "DiscountApp" */ = {
			isa = XCConfigurationList;
			buildConfigurations = (
				4BBDCA89299BCD7E0034A558 /* Debug */,
				4BBDCA8A299BCD7E0034A558 /* Release */,
			);
			defaultConfigurationIsVisible = 0;
			defaultConfigurationName = Release;
		};
		4BBDCA8B299BCD7E0034A558 /* Build configuration list for PBXNativeTarget "DiscountAppTests" */ = {
			isa = XCConfigurationList;
			buildConfigurations = (
				4BBDCA8C299BCD7E0034A558 /* Debug */,
				4BBDCA8D299BCD7E0034A558 /* Release */,
			);
			defaultConfigurationIsVisible = 0;
			defaultConfigurationName = Release;
		};
		4BBDCA8E299BCD7E0034A558 /* Build configuration list for PBXNativeTarget "DiscountAppUITests" */ = {
			isa = XCConfigurationList;
			buildConfigurations = (
				4BBDCA8F299BCD7E0034A558 /* Debug */,
				4BBDCA90299BCD7E0034A558 /* Release */,
			);
			defaultConfigurationIsVisible = 0;
			defaultConfigurationName = Release;
		};
/* End XCConfigurationList section */
	};
	rootObject = 4BBDCA56299BCD7C0034A558 /* Project object */;
}
