// !$*UTF8*$!
{
	archiveVersion = 1;
	classes = {
	};
	objectVersion = 55;
	objects = {

/* Begin PBXBuildFile section */
		4B4A55E029C9E6E400CD6023 /* AppDelegate.swift in Sources */ = {isa = PBXBuildFile; fileRef = 4B4A55DF29C9E6E400CD6023 /* AppDelegate.swift */; };
		4B4A55E229C9E6E400CD6023 /* SceneDelegate.swift in Sources */ = {isa = PBXBuildFile; fileRef = 4B4A55E129C9E6E400CD6023 /* SceneDelegate.swift */; };
		4B4A55E429C9E6E400CD6023 /* ViewController.swift in Sources */ = {isa = PBXBuildFile; fileRef = 4B4A55E329C9E6E400CD6023 /* ViewController.swift */; };
		4B4A55E729C9E6E400CD6023 /* Main.storyboard in Resources */ = {isa = PBXBuildFile; fileRef = 4B4A55E529C9E6E400CD6023 /* Main.storyboard */; };
		4B4A55E929C9E6E500CD6023 /* Assets.xcassets in Resources */ = {isa = PBXBuildFile; fileRef = 4B4A55E829C9E6E500CD6023 /* Assets.xcassets */; };
		4B4A55EC29C9E6E500CD6023 /* LaunchScreen.storyboard in Resources */ = {isa = PBXBuildFile; fileRef = 4B4A55EA29C9E6E500CD6023 /* LaunchScreen.storyboard */; };
		4B4A55F729C9E6E500CD6023 /* WordGuess_AppTests.swift in Sources */ = {isa = PBXBuildFile; fileRef = 4B4A55F629C9E6E500CD6023 /* WordGuess_AppTests.swift */; };
		4B4A560129C9E6E500CD6023 /* WordGuess_AppUITests.swift in Sources */ = {isa = PBXBuildFile; fileRef = 4B4A560029C9E6E500CD6023 /* WordGuess_AppUITests.swift */; };
		4B4A560329C9E6E500CD6023 /* WordGuess_AppUITestsLaunchTests.swift in Sources */ = {isa = PBXBuildFile; fileRef = 4B4A560229C9E6E500CD6023 /* WordGuess_AppUITestsLaunchTests.swift */; };
/* End PBXBuildFile section */

/* Begin PBXContainerItemProxy section */
		4B4A55F329C9E6E500CD6023 /* PBXContainerItemProxy */ = {
			isa = PBXContainerItemProxy;
			containerPortal = 4B4A55D429C9E6E400CD6023 /* Project object */;
			proxyType = 1;
			remoteGlobalIDString = 4B4A55DB29C9E6E400CD6023;
			remoteInfo = "WordGuess App";
		};
		4B4A55FD29C9E6E500CD6023 /* PBXContainerItemProxy */ = {
			isa = PBXContainerItemProxy;
			containerPortal = 4B4A55D429C9E6E400CD6023 /* Project object */;
			proxyType = 1;
			remoteGlobalIDString = 4B4A55DB29C9E6E400CD6023;
			remoteInfo = "WordGuess App";
		};
/* End PBXContainerItemProxy section */

/* Begin PBXFileReference section */
		4B4A55DC29C9E6E400CD6023 /* WordGuess App.app */ = {isa = PBXFileReference; explicitFileType = wrapper.application; includeInIndex = 0; path = "WordGuess App.app"; sourceTree = BUILT_PRODUCTS_DIR; };
		4B4A55DF29C9E6E400CD6023 /* AppDelegate.swift */ = {isa = PBXFileReference; lastKnownFileType = sourcecode.swift; path = AppDelegate.swift; sourceTree = "<group>"; };
		4B4A55E129C9E6E400CD6023 /* SceneDelegate.swift */ = {isa = PBXFileReference; lastKnownFileType = sourcecode.swift; path = SceneDelegate.swift; sourceTree = "<group>"; };
		4B4A55E329C9E6E400CD6023 /* ViewController.swift */ = {isa = PBXFileReference; lastKnownFileType = sourcecode.swift; path = ViewController.swift; sourceTree = "<group>"; };
		4B4A55E629C9E6E400CD6023 /* Base */ = {isa = PBXFileReference; lastKnownFileType = file.storyboard; name = Base; path = Base.lproj/Main.storyboard; sourceTree = "<group>"; };
		4B4A55E829C9E6E500CD6023 /* Assets.xcassets */ = {isa = PBXFileReference; lastKnownFileType = folder.assetcatalog; path = Assets.xcassets; sourceTree = "<group>"; };
		4B4A55EB29C9E6E500CD6023 /* Base */ = {isa = PBXFileReference; lastKnownFileType = file.storyboard; name = Base; path = Base.lproj/LaunchScreen.storyboard; sourceTree = "<group>"; };
		4B4A55ED29C9E6E500CD6023 /* Info.plist */ = {isa = PBXFileReference; lastKnownFileType = text.plist.xml; path = Info.plist; sourceTree = "<group>"; };
		4B4A55F229C9E6E500CD6023 /* WordGuess AppTests.xctest */ = {isa = PBXFileReference; explicitFileType = wrapper.cfbundle; includeInIndex = 0; path = "WordGuess AppTests.xctest"; sourceTree = BUILT_PRODUCTS_DIR; };
		4B4A55F629C9E6E500CD6023 /* WordGuess_AppTests.swift */ = {isa = PBXFileReference; lastKnownFileType = sourcecode.swift; path = WordGuess_AppTests.swift; sourceTree = "<group>"; };
		4B4A55FC29C9E6E500CD6023 /* WordGuess AppUITests.xctest */ = {isa = PBXFileReference; explicitFileType = wrapper.cfbundle; includeInIndex = 0; path = "WordGuess AppUITests.xctest"; sourceTree = BUILT_PRODUCTS_DIR; };
		4B4A560029C9E6E500CD6023 /* WordGuess_AppUITests.swift */ = {isa = PBXFileReference; lastKnownFileType = sourcecode.swift; path = WordGuess_AppUITests.swift; sourceTree = "<group>"; };
		4B4A560229C9E6E500CD6023 /* WordGuess_AppUITestsLaunchTests.swift */ = {isa = PBXFileReference; lastKnownFileType = sourcecode.swift; path = WordGuess_AppUITestsLaunchTests.swift; sourceTree = "<group>"; };
/* End PBXFileReference section */

/* Begin PBXFrameworksBuildPhase section */
		4B4A55D929C9E6E400CD6023 /* Frameworks */ = {
			isa = PBXFrameworksBuildPhase;
			buildActionMask = 2147483647;
			files = (
			);
			runOnlyForDeploymentPostprocessing = 0;
		};
		4B4A55EF29C9E6E500CD6023 /* Frameworks */ = {
			isa = PBXFrameworksBuildPhase;
			buildActionMask = 2147483647;
			files = (
			);
			runOnlyForDeploymentPostprocessing = 0;
		};
		4B4A55F929C9E6E500CD6023 /* Frameworks */ = {
			isa = PBXFrameworksBuildPhase;
			buildActionMask = 2147483647;
			files = (
			);
			runOnlyForDeploymentPostprocessing = 0;
		};
/* End PBXFrameworksBuildPhase section */

/* Begin PBXGroup section */
		4B4A55D329C9E6E400CD6023 = {
			isa = PBXGroup;
			children = (
				4B4A55DE29C9E6E400CD6023 /* WordGuess App */,
				4B4A55F529C9E6E500CD6023 /* WordGuess AppTests */,
				4B4A55FF29C9E6E500CD6023 /* WordGuess AppUITests */,
				4B4A55DD29C9E6E400CD6023 /* Products */,
			);
			sourceTree = "<group>";
		};
		4B4A55DD29C9E6E400CD6023 /* Products */ = {
			isa = PBXGroup;
			children = (
				4B4A55DC29C9E6E400CD6023 /* WordGuess App.app */,
				4B4A55F229C9E6E500CD6023 /* WordGuess AppTests.xctest */,
				4B4A55FC29C9E6E500CD6023 /* WordGuess AppUITests.xctest */,
			);
			name = Products;
			sourceTree = "<group>";
		};
		4B4A55DE29C9E6E400CD6023 /* WordGuess App */ = {
			isa = PBXGroup;
			children = (
				4B4A55DF29C9E6E400CD6023 /* AppDelegate.swift */,
				4B4A55E129C9E6E400CD6023 /* SceneDelegate.swift */,
				4B4A55E329C9E6E400CD6023 /* ViewController.swift */,
				4B4A55E529C9E6E400CD6023 /* Main.storyboard */,
				4B4A55E829C9E6E500CD6023 /* Assets.xcassets */,
				4B4A55EA29C9E6E500CD6023 /* LaunchScreen.storyboard */,
				4B4A55ED29C9E6E500CD6023 /* Info.plist */,
			);
			path = "WordGuess App";
			sourceTree = "<group>";
		};
		4B4A55F529C9E6E500CD6023 /* WordGuess AppTests */ = {
			isa = PBXGroup;
			children = (
				4B4A55F629C9E6E500CD6023 /* WordGuess_AppTests.swift */,
			);
			path = "WordGuess AppTests";
			sourceTree = "<group>";
		};
		4B4A55FF29C9E6E500CD6023 /* WordGuess AppUITests */ = {
			isa = PBXGroup;
			children = (
				4B4A560029C9E6E500CD6023 /* WordGuess_AppUITests.swift */,
				4B4A560229C9E6E500CD6023 /* WordGuess_AppUITestsLaunchTests.swift */,
			);
			path = "WordGuess AppUITests";
			sourceTree = "<group>";
		};
/* End PBXGroup section */

/* Begin PBXNativeTarget section */
		4B4A55DB29C9E6E400CD6023 /* WordGuess App */ = {
			isa = PBXNativeTarget;
			buildConfigurationList = 4B4A560629C9E6E500CD6023 /* Build configuration list for PBXNativeTarget "WordGuess App" */;
			buildPhases = (
				4B4A55D829C9E6E400CD6023 /* Sources */,
				4B4A55D929C9E6E400CD6023 /* Frameworks */,
				4B4A55DA29C9E6E400CD6023 /* Resources */,
			);
			buildRules = (
			);
			dependencies = (
			);
			name = "WordGuess App";
			productName = "WordGuess App";
			productReference = 4B4A55DC29C9E6E400CD6023 /* WordGuess App.app */;
			productType = "com.apple.product-type.application";
		};
		4B4A55F129C9E6E500CD6023 /* WordGuess AppTests */ = {
			isa = PBXNativeTarget;
			buildConfigurationList = 4B4A560929C9E6E500CD6023 /* Build configuration list for PBXNativeTarget "WordGuess AppTests" */;
			buildPhases = (
				4B4A55EE29C9E6E500CD6023 /* Sources */,
				4B4A55EF29C9E6E500CD6023 /* Frameworks */,
				4B4A55F029C9E6E500CD6023 /* Resources */,
			);
			buildRules = (
			);
			dependencies = (
				4B4A55F429C9E6E500CD6023 /* PBXTargetDependency */,
			);
			name = "WordGuess AppTests";
			productName = "WordGuess AppTests";
			productReference = 4B4A55F229C9E6E500CD6023 /* WordGuess AppTests.xctest */;
			productType = "com.apple.product-type.bundle.unit-test";
		};
		4B4A55FB29C9E6E500CD6023 /* WordGuess AppUITests */ = {
			isa = PBXNativeTarget;
			buildConfigurationList = 4B4A560C29C9E6E500CD6023 /* Build configuration list for PBXNativeTarget "WordGuess AppUITests" */;
			buildPhases = (
				4B4A55F829C9E6E500CD6023 /* Sources */,
				4B4A55F929C9E6E500CD6023 /* Frameworks */,
				4B4A55FA29C9E6E500CD6023 /* Resources */,
			);
			buildRules = (
			);
			dependencies = (
				4B4A55FE29C9E6E500CD6023 /* PBXTargetDependency */,
			);
			name = "WordGuess AppUITests";
			productName = "WordGuess AppUITests";
			productReference = 4B4A55FC29C9E6E500CD6023 /* WordGuess AppUITests.xctest */;
			productType = "com.apple.product-type.bundle.ui-testing";
		};
/* End PBXNativeTarget section */

/* Begin PBXProject section */
		4B4A55D429C9E6E400CD6023 /* Project object */ = {
			isa = PBXProject;
			attributes = {
				BuildIndependentTargetsInParallel = 1;
				LastSwiftUpdateCheck = 1340;
				LastUpgradeCheck = 1340;
				TargetAttributes = {
					4B4A55DB29C9E6E400CD6023 = {
						CreatedOnToolsVersion = 13.4.1;
					};
					4B4A55F129C9E6E500CD6023 = {
						CreatedOnToolsVersion = 13.4.1;
						TestTargetID = 4B4A55DB29C9E6E400CD6023;
					};
					4B4A55FB29C9E6E500CD6023 = {
						CreatedOnToolsVersion = 13.4.1;
						TestTargetID = 4B4A55DB29C9E6E400CD6023;
					};
				};
			};
			buildConfigurationList = 4B4A55D729C9E6E400CD6023 /* Build configuration list for PBXProject "WordGuess App" */;
			compatibilityVersion = "Xcode 13.0";
			developmentRegion = en;
			hasScannedForEncodings = 0;
			knownRegions = (
				en,
				Base,
			);
			mainGroup = 4B4A55D329C9E6E400CD6023;
			productRefGroup = 4B4A55DD29C9E6E400CD6023 /* Products */;
			projectDirPath = "";
			projectRoot = "";
			targets = (
				4B4A55DB29C9E6E400CD6023 /* WordGuess App */,
				4B4A55F129C9E6E500CD6023 /* WordGuess AppTests */,
				4B4A55FB29C9E6E500CD6023 /* WordGuess AppUITests */,
			);
		};
/* End PBXProject section */

/* Begin PBXResourcesBuildPhase section */
		4B4A55DA29C9E6E400CD6023 /* Resources */ = {
			isa = PBXResourcesBuildPhase;
			buildActionMask = 2147483647;
			files = (
				4B4A55EC29C9E6E500CD6023 /* LaunchScreen.storyboard in Resources */,
				4B4A55E929C9E6E500CD6023 /* Assets.xcassets in Resources */,
				4B4A55E729C9E6E400CD6023 /* Main.storyboard in Resources */,
			);
			runOnlyForDeploymentPostprocessing = 0;
		};
		4B4A55F029C9E6E500CD6023 /* Resources */ = {
			isa = PBXResourcesBuildPhase;
			buildActionMask = 2147483647;
			files = (
			);
			runOnlyForDeploymentPostprocessing = 0;
		};
		4B4A55FA29C9E6E500CD6023 /* Resources */ = {
			isa = PBXResourcesBuildPhase;
			buildActionMask = 2147483647;
			files = (
			);
			runOnlyForDeploymentPostprocessing = 0;
		};
/* End PBXResourcesBuildPhase section */

/* Begin PBXSourcesBuildPhase section */
		4B4A55D829C9E6E400CD6023 /* Sources */ = {
			isa = PBXSourcesBuildPhase;
			buildActionMask = 2147483647;
			files = (
				4B4A55E429C9E6E400CD6023 /* ViewController.swift in Sources */,
				4B4A55E029C9E6E400CD6023 /* AppDelegate.swift in Sources */,
				4B4A55E229C9E6E400CD6023 /* SceneDelegate.swift in Sources */,
			);
			runOnlyForDeploymentPostprocessing = 0;
		};
		4B4A55EE29C9E6E500CD6023 /* Sources */ = {
			isa = PBXSourcesBuildPhase;
			buildActionMask = 2147483647;
			files = (
				4B4A55F729C9E6E500CD6023 /* WordGuess_AppTests.swift in Sources */,
			);
			runOnlyForDeploymentPostprocessing = 0;
		};
		4B4A55F829C9E6E500CD6023 /* Sources */ = {
			isa = PBXSourcesBuildPhase;
			buildActionMask = 2147483647;
			files = (
				4B4A560329C9E6E500CD6023 /* WordGuess_AppUITestsLaunchTests.swift in Sources */,
				4B4A560129C9E6E500CD6023 /* WordGuess_AppUITests.swift in Sources */,
			);
			runOnlyForDeploymentPostprocessing = 0;
		};
/* End PBXSourcesBuildPhase section */

/* Begin PBXTargetDependency section */
		4B4A55F429C9E6E500CD6023 /* PBXTargetDependency */ = {
			isa = PBXTargetDependency;
			target = 4B4A55DB29C9E6E400CD6023 /* WordGuess App */;
			targetProxy = 4B4A55F329C9E6E500CD6023 /* PBXContainerItemProxy */;
		};
		4B4A55FE29C9E6E500CD6023 /* PBXTargetDependency */ = {
			isa = PBXTargetDependency;
			target = 4B4A55DB29C9E6E400CD6023 /* WordGuess App */;
			targetProxy = 4B4A55FD29C9E6E500CD6023 /* PBXContainerItemProxy */;
		};
/* End PBXTargetDependency section */

/* Begin PBXVariantGroup section */
		4B4A55E529C9E6E400CD6023 /* Main.storyboard */ = {
			isa = PBXVariantGroup;
			children = (
				4B4A55E629C9E6E400CD6023 /* Base */,
			);
			name = Main.storyboard;
			sourceTree = "<group>";
		};
		4B4A55EA29C9E6E500CD6023 /* LaunchScreen.storyboard */ = {
			isa = PBXVariantGroup;
			children = (
				4B4A55EB29C9E6E500CD6023 /* Base */,
			);
			name = LaunchScreen.storyboard;
			sourceTree = "<group>";
		};
/* End PBXVariantGroup section */

/* Begin XCBuildConfiguration section */
		4B4A560429C9E6E500CD6023 /* Debug */ = {
			isa = XCBuildConfiguration;
			buildSettings = {
				ALWAYS_SEARCH_USER_PATHS = NO;
				CLANG_ANALYZER_NONNULL = YES;
				CLANG_ANALYZER_NUMBER_OBJECT_CONVERSION = YES_AGGRESSIVE;
				CLANG_CXX_LANGUAGE_STANDARD = "gnu++17";
				CLANG_ENABLE_MODULES = YES;
				CLANG_ENABLE_OBJC_ARC = YES;
				CLANG_ENABLE_OBJC_WEAK = YES;
				CLANG_WARN_BLOCK_CAPTURE_AUTORELEASING = YES;
				CLANG_WARN_BOOL_CONVERSION = YES;
				CLANG_WARN_COMMA = YES;
				CLANG_WARN_CONSTANT_CONVERSION = YES;
				CLANG_WARN_DEPRECATED_OBJC_IMPLEMENTATIONS = YES;
				CLANG_WARN_DIRECT_OBJC_ISA_USAGE = YES_ERROR;
				CLANG_WARN_DOCUMENTATION_COMMENTS = YES;
				CLANG_WARN_EMPTY_BODY = YES;
				CLANG_WARN_ENUM_CONVERSION = YES;
				CLANG_WARN_INFINITE_RECURSION = YES;
				CLANG_WARN_INT_CONVERSION = YES;
				CLANG_WARN_NON_LITERAL_NULL_CONVERSION = YES;
				CLANG_WARN_OBJC_IMPLICIT_RETAIN_SELF = YES;
				CLANG_WARN_OBJC_LITERAL_CONVERSION = YES;
				CLANG_WARN_OBJC_ROOT_CLASS = YES_ERROR;
				CLANG_WARN_QUOTED_INCLUDE_IN_FRAMEWORK_HEADER = YES;
				CLANG_WARN_RANGE_LOOP_ANALYSIS = YES;
				CLANG_WARN_STRICT_PROTOTYPES = YES;
				CLANG_WARN_SUSPICIOUS_MOVE = YES;
				CLANG_WARN_UNGUARDED_AVAILABILITY = YES_AGGRESSIVE;
				CLANG_WARN_UNREACHABLE_CODE = YES;
				CLANG_WARN__DUPLICATE_METHOD_MATCH = YES;
				COPY_PHASE_STRIP = NO;
				DEBUG_INFORMATION_FORMAT = dwarf;
				ENABLE_STRICT_OBJC_MSGSEND = YES;
				ENABLE_TESTABILITY = YES;
				GCC_C_LANGUAGE_STANDARD = gnu11;
				GCC_DYNAMIC_NO_PIC = NO;
				GCC_NO_COMMON_BLOCKS = YES;
				GCC_OPTIMIZATION_LEVEL = 0;
				GCC_PREPROCESSOR_DEFINITIONS = (
					"DEBUG=1",
					"$(inherited)",
				);
				GCC_WARN_64_TO_32_BIT_CONVERSION = YES;
				GCC_WARN_ABOUT_RETURN_TYPE = YES_ERROR;
				GCC_WARN_UNDECLARED_SELECTOR = YES;
				GCC_WARN_UNINITIALIZED_AUTOS = YES_AGGRESSIVE;
				GCC_WARN_UNUSED_FUNCTION = YES;
				GCC_WARN_UNUSED_VARIABLE = YES;
				IPHONEOS_DEPLOYMENT_TARGET = 15.5;
				MTL_ENABLE_DEBUG_INFO = INCLUDE_SOURCE;
				MTL_FAST_MATH = YES;
				ONLY_ACTIVE_ARCH = YES;
				SDKROOT = iphoneos;
				SWIFT_ACTIVE_COMPILATION_CONDITIONS = DEBUG;
				SWIFT_OPTIMIZATION_LEVEL = "-Onone";
			};
			name = Debug;
		};
		4B4A560529C9E6E500CD6023 /* Release */ = {
			isa = XCBuildConfiguration;
			buildSettings = {
				ALWAYS_SEARCH_USER_PATHS = NO;
				CLANG_ANALYZER_NONNULL = YES;
				CLANG_ANALYZER_NUMBER_OBJECT_CONVERSION = YES_AGGRESSIVE;
				CLANG_CXX_LANGUAGE_STANDARD = "gnu++17";
				CLANG_ENABLE_MODULES = YES;
				CLANG_ENABLE_OBJC_ARC = YES;
				CLANG_ENABLE_OBJC_WEAK = YES;
				CLANG_WARN_BLOCK_CAPTURE_AUTORELEASING = YES;
				CLANG_WARN_BOOL_CONVERSION = YES;
				CLANG_WARN_COMMA = YES;
				CLANG_WARN_CONSTANT_CONVERSION = YES;
				CLANG_WARN_DEPRECATED_OBJC_IMPLEMENTATIONS = YES;
				CLANG_WARN_DIRECT_OBJC_ISA_USAGE = YES_ERROR;
				CLANG_WARN_DOCUMENTATION_COMMENTS = YES;
				CLANG_WARN_EMPTY_BODY = YES;
				CLANG_WARN_ENUM_CONVERSION = YES;
				CLANG_WARN_INFINITE_RECURSION = YES;
				CLANG_WARN_INT_CONVERSION = YES;
				CLANG_WARN_NON_LITERAL_NULL_CONVERSION = YES;
				CLANG_WARN_OBJC_IMPLICIT_RETAIN_SELF = YES;
				CLANG_WARN_OBJC_LITERAL_CONVERSION = YES;
				CLANG_WARN_OBJC_ROOT_CLASS = YES_ERROR;
				CLANG_WARN_QUOTED_INCLUDE_IN_FRAMEWORK_HEADER = YES;
				CLANG_WARN_RANGE_LOOP_ANALYSIS = YES;
				CLANG_WARN_STRICT_PROTOTYPES = YES;
				CLANG_WARN_SUSPICIOUS_MOVE = YES;
				CLANG_WARN_UNGUARDED_AVAILABILITY = YES_AGGRESSIVE;
				CLANG_WARN_UNREACHABLE_CODE = YES;
				CLANG_WARN__DUPLICATE_METHOD_MATCH = YES;
				COPY_PHASE_STRIP = NO;
				DEBUG_INFORMATION_FORMAT = "dwarf-with-dsym";
				ENABLE_NS_ASSERTIONS = NO;
				ENABLE_STRICT_OBJC_MSGSEND = YES;
				GCC_C_LANGUAGE_STANDARD = gnu11;
				GCC_NO_COMMON_BLOCKS = YES;
				GCC_WARN_64_TO_32_BIT_CONVERSION = YES;
				GCC_WARN_ABOUT_RETURN_TYPE = YES_ERROR;
				GCC_WARN_UNDECLARED_SELECTOR = YES;
				GCC_WARN_UNINITIALIZED_AUTOS = YES_AGGRESSIVE;
				GCC_WARN_UNUSED_FUNCTION = YES;
				GCC_WARN_UNUSED_VARIABLE = YES;
				IPHONEOS_DEPLOYMENT_TARGET = 15.5;
				MTL_ENABLE_DEBUG_INFO = NO;
				MTL_FAST_MATH = YES;
				SDKROOT = iphoneos;
				SWIFT_COMPILATION_MODE = wholemodule;
				SWIFT_OPTIMIZATION_LEVEL = "-O";
				VALIDATE_PRODUCT = YES;
			};
			name = Release;
		};
		4B4A560729C9E6E500CD6023 /* Debug */ = {
			isa = XCBuildConfiguration;
			buildSettings = {
				ASSETCATALOG_COMPILER_APPICON_NAME = AppIcon;
				ASSETCATALOG_COMPILER_GLOBAL_ACCENT_COLOR_NAME = AccentColor;
				CODE_SIGN_STYLE = Automatic;
				CURRENT_PROJECT_VERSION = 1;
				GENERATE_INFOPLIST_FILE = YES;
				INFOPLIST_FILE = "WordGuess App/Info.plist";
				INFOPLIST_KEY_UIApplicationSupportsIndirectInputEvents = YES;
				INFOPLIST_KEY_UILaunchStoryboardName = LaunchScreen;
				INFOPLIST_KEY_UIMainStoryboardFile = Main;
				INFOPLIST_KEY_UISupportedInterfaceOrientations_iPad = "UIInterfaceOrientationPortrait UIInterfaceOrientationPortraitUpsideDown UIInterfaceOrientationLandscapeLeft UIInterfaceOrientationLandscapeRight";
				INFOPLIST_KEY_UISupportedInterfaceOrientations_iPhone = "UIInterfaceOrientationPortrait UIInterfaceOrientationLandscapeLeft UIInterfaceOrientationLandscapeRight";
				LD_RUNPATH_SEARCH_PATHS = (
					"$(inherited)",
					"@executable_path/Frameworks",
				);
				MARKETING_VERSION = 1.0;
				PRODUCT_BUNDLE_IDENTIFIER = "nwmissouri.edu.WordGuess-App";
				PRODUCT_NAME = "$(TARGET_NAME)";
				SWIFT_EMIT_LOC_STRINGS = YES;
				SWIFT_VERSION = 5.0;
				TARGETED_DEVICE_FAMILY = "1,2";
			};
			name = Debug;
		};
		4B4A560829C9E6E500CD6023 /* Release */ = {
			isa = XCBuildConfiguration;
			buildSettings = {
				ASSETCATALOG_COMPILER_APPICON_NAME = AppIcon;
				ASSETCATALOG_COMPILER_GLOBAL_ACCENT_COLOR_NAME = AccentColor;
				CODE_SIGN_STYLE = Automatic;
				CURRENT_PROJECT_VERSION = 1;
				GENERATE_INFOPLIST_FILE = YES;
				INFOPLIST_FILE = "WordGuess App/Info.plist";
				INFOPLIST_KEY_UIApplicationSupportsIndirectInputEvents = YES;
				INFOPLIST_KEY_UILaunchStoryboardName = LaunchScreen;
				INFOPLIST_KEY_UIMainStoryboardFile = Main;
				INFOPLIST_KEY_UISupportedInterfaceOrientations_iPad = "UIInterfaceOrientationPortrait UIInterfaceOrientationPortraitUpsideDown UIInterfaceOrientationLandscapeLeft UIInterfaceOrientationLandscapeRight";
				INFOPLIST_KEY_UISupportedInterfaceOrientations_iPhone = "UIInterfaceOrientationPortrait UIInterfaceOrientationLandscapeLeft UIInterfaceOrientationLandscapeRight";
				LD_RUNPATH_SEARCH_PATHS = (
					"$(inherited)",
					"@executable_path/Frameworks",
				);
				MARKETING_VERSION = 1.0;
				PRODUCT_BUNDLE_IDENTIFIER = "nwmissouri.edu.WordGuess-App";
				PRODUCT_NAME = "$(TARGET_NAME)";
				SWIFT_EMIT_LOC_STRINGS = YES;
				SWIFT_VERSION = 5.0;
				TARGETED_DEVICE_FAMILY = "1,2";
			};
			name = Release;
		};
		4B4A560A29C9E6E500CD6023 /* Debug */ = {
			isa = XCBuildConfiguration;
			buildSettings = {
				ALWAYS_EMBED_SWIFT_STANDARD_LIBRARIES = YES;
				BUNDLE_LOADER = "$(TEST_HOST)";
				CODE_SIGN_STYLE = Automatic;
				CURRENT_PROJECT_VERSION = 1;
				GENERATE_INFOPLIST_FILE = YES;
				IPHONEOS_DEPLOYMENT_TARGET = 15.5;
				MARKETING_VERSION = 1.0;
				PRODUCT_BUNDLE_IDENTIFIER = "nwmissouri.edu.WordGuess-AppTests";
				PRODUCT_NAME = "$(TARGET_NAME)";
				SWIFT_EMIT_LOC_STRINGS = NO;
				SWIFT_VERSION = 5.0;
				TARGETED_DEVICE_FAMILY = "1,2";
				TEST_HOST = "$(BUILT_PRODUCTS_DIR)/WordGuess App.app/WordGuess App";
			};
			name = Debug;
		};
		4B4A560B29C9E6E500CD6023 /* Release */ = {
			isa = XCBuildConfiguration;
			buildSettings = {
				ALWAYS_EMBED_SWIFT_STANDARD_LIBRARIES = YES;
				BUNDLE_LOADER = "$(TEST_HOST)";
				CODE_SIGN_STYLE = Automatic;
				CURRENT_PROJECT_VERSION = 1;
				GENERATE_INFOPLIST_FILE = YES;
				IPHONEOS_DEPLOYMENT_TARGET = 15.5;
				MARKETING_VERSION = 1.0;
				PRODUCT_BUNDLE_IDENTIFIER = "nwmissouri.edu.WordGuess-AppTests";
				PRODUCT_NAME = "$(TARGET_NAME)";
				SWIFT_EMIT_LOC_STRINGS = NO;
				SWIFT_VERSION = 5.0;
				TARGETED_DEVICE_FAMILY = "1,2";
				TEST_HOST = "$(BUILT_PRODUCTS_DIR)/WordGuess App.app/WordGuess App";
			};
			name = Release;
		};
		4B4A560D29C9E6E500CD6023 /* Debug */ = {
			isa = XCBuildConfiguration;
			buildSettings = {
				ALWAYS_EMBED_SWIFT_STANDARD_LIBRARIES = YES;
				CODE_SIGN_STYLE = Automatic;
				CURRENT_PROJECT_VERSION = 1;
				GENERATE_INFOPLIST_FILE = YES;
				MARKETING_VERSION = 1.0;
				PRODUCT_BUNDLE_IDENTIFIER = "nwmissouri.edu.WordGuess-AppUITests";
				PRODUCT_NAME = "$(TARGET_NAME)";
				SWIFT_EMIT_LOC_STRINGS = NO;
				SWIFT_VERSION = 5.0;
				TARGETED_DEVICE_FAMILY = "1,2";
				TEST_TARGET_NAME = "WordGuess App";
			};
			name = Debug;
		};
		4B4A560E29C9E6E500CD6023 /* Release */ = {
			isa = XCBuildConfiguration;
			buildSettings = {
				ALWAYS_EMBED_SWIFT_STANDARD_LIBRARIES = YES;
				CODE_SIGN_STYLE = Automatic;
				CURRENT_PROJECT_VERSION = 1;
				GENERATE_INFOPLIST_FILE = YES;
				MARKETING_VERSION = 1.0;
				PRODUCT_BUNDLE_IDENTIFIER = "nwmissouri.edu.WordGuess-AppUITests";
				PRODUCT_NAME = "$(TARGET_NAME)";
				SWIFT_EMIT_LOC_STRINGS = NO;
				SWIFT_VERSION = 5.0;
				TARGETED_DEVICE_FAMILY = "1,2";
				TEST_TARGET_NAME = "WordGuess App";
			};
			name = Release;
		};
/* End XCBuildConfiguration section */

/* Begin XCConfigurationList section */
		4B4A55D729C9E6E400CD6023 /* Build configuration list for PBXProject "WordGuess App" */ = {
			isa = XCConfigurationList;
			buildConfigurations = (
				4B4A560429C9E6E500CD6023 /* Debug */,
				4B4A560529C9E6E500CD6023 /* Release */,
			);
			defaultConfigurationIsVisible = 0;
			defaultConfigurationName = Release;
		};
		4B4A560629C9E6E500CD6023 /* Build configuration list for PBXNativeTarget "WordGuess App" */ = {
			isa = XCConfigurationList;
			buildConfigurations = (
				4B4A560729C9E6E500CD6023 /* Debug */,
				4B4A560829C9E6E500CD6023 /* Release */,
			);
			defaultConfigurationIsVisible = 0;
			defaultConfigurationName = Release;
		};
		4B4A560929C9E6E500CD6023 /* Build configuration list for PBXNativeTarget "WordGuess AppTests" */ = {
			isa = XCConfigurationList;
			buildConfigurations = (
				4B4A560A29C9E6E500CD6023 /* Debug */,
				4B4A560B29C9E6E500CD6023 /* Release */,
			);
			defaultConfigurationIsVisible = 0;
			defaultConfigurationName = Release;
		};
		4B4A560C29C9E6E500CD6023 /* Build configuration list for PBXNativeTarget "WordGuess AppUITests" */ = {
			isa = XCConfigurationList;
			buildConfigurations = (
				4B4A560D29C9E6E500CD6023 /* Debug */,
				4B4A560E29C9E6E500CD6023 /* Release */,
			);
			defaultConfigurationIsVisible = 0;
			defaultConfigurationName = Release;
		};
/* End XCConfigurationList section */
	};
	rootObject = 4B4A55D429C9E6E400CD6023 /* Project object */;
}
