// !$*UTF8*$!
{
	archiveVersion = 1;
	classes = {
	};
	objectVersion = 55;
	objects = {

/* Begin PBXBuildFile section */
		4B84ACAE2982F7B10074CBBC /* AppDelegate.swift in Sources */ = {isa = PBXBuildFile; fileRef = 4B84ACAD2982F7B10074CBBC /* AppDelegate.swift */; };
		4B84ACB02982F7B10074CBBC /* SceneDelegate.swift in Sources */ = {isa = PBXBuildFile; fileRef = 4B84ACAF2982F7B10074CBBC /* SceneDelegate.swift */; };
		4B84ACB22982F7B10074CBBC /* ViewController.swift in Sources */ = {isa = PBXBuildFile; fileRef = 4B84ACB12982F7B10074CBBC /* ViewController.swift */; };
		4B84ACB52982F7B10074CBBC /* Main.storyboard in Resources */ = {isa = PBXBuildFile; fileRef = 4B84ACB32982F7B10074CBBC /* Main.storyboard */; };
		4B84ACB72982F7B30074CBBC /* Assets.xcassets in Resources */ = {isa = PBXBuildFile; fileRef = 4B84ACB62982F7B30074CBBC /* Assets.xcassets */; };
		4B84ACBA2982F7B30074CBBC /* LaunchScreen.storyboard in Resources */ = {isa = PBXBuildFile; fileRef = 4B84ACB82982F7B30074CBBC /* LaunchScreen.storyboard */; };
		4B84ACC52982F7B30074CBBC /* Nelavelli_Assignment01Tests.swift in Sources */ = {isa = PBXBuildFile; fileRef = 4B84ACC42982F7B30074CBBC /* Nelavelli_Assignment01Tests.swift */; };
		4B84ACCF2982F7B30074CBBC /* Nelavelli_Assignment01UITests.swift in Sources */ = {isa = PBXBuildFile; fileRef = 4B84ACCE2982F7B30074CBBC /* Nelavelli_Assignment01UITests.swift */; };
		4B84ACD12982F7B30074CBBC /* Nelavelli_Assignment01UITestsLaunchTests.swift in Sources */ = {isa = PBXBuildFile; fileRef = 4B84ACD02982F7B30074CBBC /* Nelavelli_Assignment01UITestsLaunchTests.swift */; };
/* End PBXBuildFile section */

/* Begin PBXContainerItemProxy section */
		4B84ACC12982F7B30074CBBC /* PBXContainerItemProxy */ = {
			isa = PBXContainerItemProxy;
			containerPortal = 4B84ACA22982F7B10074CBBC /* Project object */;
			proxyType = 1;
			remoteGlobalIDString = 4B84ACA92982F7B10074CBBC;
			remoteInfo = Nelavelli_Assignment01;
		};
		4B84ACCB2982F7B30074CBBC /* PBXContainerItemProxy */ = {
			isa = PBXContainerItemProxy;
			containerPortal = 4B84ACA22982F7B10074CBBC /* Project object */;
			proxyType = 1;
			remoteGlobalIDString = 4B84ACA92982F7B10074CBBC;
			remoteInfo = Nelavelli_Assignment01;
		};
/* End PBXContainerItemProxy section */

/* Begin PBXFileReference section */
		4B84ACAA2982F7B10074CBBC /* Nelavelli_Assignment01.app */ = {isa = PBXFileReference; explicitFileType = wrapper.application; includeInIndex = 0; path = Nelavelli_Assignment01.app; sourceTree = BUILT_PRODUCTS_DIR; };
		4B84ACAD2982F7B10074CBBC /* AppDelegate.swift */ = {isa = PBXFileReference; lastKnownFileType = sourcecode.swift; path = AppDelegate.swift; sourceTree = "<group>"; };
		4B84ACAF2982F7B10074CBBC /* SceneDelegate.swift */ = {isa = PBXFileReference; lastKnownFileType = sourcecode.swift; path = SceneDelegate.swift; sourceTree = "<group>"; };
		4B84ACB12982F7B10074CBBC /* ViewController.swift */ = {isa = PBXFileReference; lastKnownFileType = sourcecode.swift; path = ViewController.swift; sourceTree = "<group>"; };
		4B84ACB42982F7B10074CBBC /* Base */ = {isa = PBXFileReference; lastKnownFileType = file.storyboard; name = Base; path = Base.lproj/Main.storyboard; sourceTree = "<group>"; };
		4B84ACB62982F7B30074CBBC /* Assets.xcassets */ = {isa = PBXFileReference; lastKnownFileType = folder.assetcatalog; path = Assets.xcassets; sourceTree = "<group>"; };
		4B84ACB92982F7B30074CBBC /* Base */ = {isa = PBXFileReference; lastKnownFileType = file.storyboard; name = Base; path = Base.lproj/LaunchScreen.storyboard; sourceTree = "<group>"; };
		4B84ACBB2982F7B30074CBBC /* Info.plist */ = {isa = PBXFileReference; lastKnownFileType = text.plist.xml; path = Info.plist; sourceTree = "<group>"; };
		4B84ACC02982F7B30074CBBC /* Nelavelli_Assignment01Tests.xctest */ = {isa = PBXFileReference; explicitFileType = wrapper.cfbundle; includeInIndex = 0; path = Nelavelli_Assignment01Tests.xctest; sourceTree = BUILT_PRODUCTS_DIR; };
		4B84ACC42982F7B30074CBBC /* Nelavelli_Assignment01Tests.swift */ = {isa = PBXFileReference; lastKnownFileType = sourcecode.swift; path = Nelavelli_Assignment01Tests.swift; sourceTree = "<group>"; };
		4B84ACCA2982F7B30074CBBC /* Nelavelli_Assignment01UITests.xctest */ = {isa = PBXFileReference; explicitFileType = wrapper.cfbundle; includeInIndex = 0; path = Nelavelli_Assignment01UITests.xctest; sourceTree = BUILT_PRODUCTS_DIR; };
		4B84ACCE2982F7B30074CBBC /* Nelavelli_Assignment01UITests.swift */ = {isa = PBXFileReference; lastKnownFileType = sourcecode.swift; path = Nelavelli_Assignment01UITests.swift; sourceTree = "<group>"; };
		4B84ACD02982F7B30074CBBC /* Nelavelli_Assignment01UITestsLaunchTests.swift */ = {isa = PBXFileReference; lastKnownFileType = sourcecode.swift; path = Nelavelli_Assignment01UITestsLaunchTests.swift; sourceTree = "<group>"; };
/* End PBXFileReference section */

/* Begin PBXFrameworksBuildPhase section */
		4B84ACA72982F7B10074CBBC /* Frameworks */ = {
			isa = PBXFrameworksBuildPhase;
			buildActionMask = 2147483647;
			files = (
			);
			runOnlyForDeploymentPostprocessing = 0;
		};
		4B84ACBD2982F7B30074CBBC /* Frameworks */ = {
			isa = PBXFrameworksBuildPhase;
			buildActionMask = 2147483647;
			files = (
			);
			runOnlyForDeploymentPostprocessing = 0;
		};
		4B84ACC72982F7B30074CBBC /* Frameworks */ = {
			isa = PBXFrameworksBuildPhase;
			buildActionMask = 2147483647;
			files = (
			);
			runOnlyForDeploymentPostprocessing = 0;
		};
/* End PBXFrameworksBuildPhase section */

/* Begin PBXGroup section */
		4B84ACA12982F7B10074CBBC = {
			isa = PBXGroup;
			children = (
				4B84ACAC2982F7B10074CBBC /* Nelavelli_Assignment01 */,
				4B84ACC32982F7B30074CBBC /* Nelavelli_Assignment01Tests */,
				4B84ACCD2982F7B30074CBBC /* Nelavelli_Assignment01UITests */,
				4B84ACAB2982F7B10074CBBC /* Products */,
			);
			sourceTree = "<group>";
		};
		4B84ACAB2982F7B10074CBBC /* Products */ = {
			isa = PBXGroup;
			children = (
				4B84ACAA2982F7B10074CBBC /* Nelavelli_Assignment01.app */,
				4B84ACC02982F7B30074CBBC /* Nelavelli_Assignment01Tests.xctest */,
				4B84ACCA2982F7B30074CBBC /* Nelavelli_Assignment01UITests.xctest */,
			);
			name = Products;
			sourceTree = "<group>";
		};
		4B84ACAC2982F7B10074CBBC /* Nelavelli_Assignment01 */ = {
			isa = PBXGroup;
			children = (
				4B84ACAD2982F7B10074CBBC /* AppDelegate.swift */,
				4B84ACAF2982F7B10074CBBC /* SceneDelegate.swift */,
				4B84ACB12982F7B10074CBBC /* ViewController.swift */,
				4B84ACB32982F7B10074CBBC /* Main.storyboard */,
				4B84ACB62982F7B30074CBBC /* Assets.xcassets */,
				4B84ACB82982F7B30074CBBC /* LaunchScreen.storyboard */,
				4B84ACBB2982F7B30074CBBC /* Info.plist */,
			);
			path = Nelavelli_Assignment01;
			sourceTree = "<group>";
		};
		4B84ACC32982F7B30074CBBC /* Nelavelli_Assignment01Tests */ = {
			isa = PBXGroup;
			children = (
				4B84ACC42982F7B30074CBBC /* Nelavelli_Assignment01Tests.swift */,
			);
			path = Nelavelli_Assignment01Tests;
			sourceTree = "<group>";
		};
		4B84ACCD2982F7B30074CBBC /* Nelavelli_Assignment01UITests */ = {
			isa = PBXGroup;
			children = (
				4B84ACCE2982F7B30074CBBC /* Nelavelli_Assignment01UITests.swift */,
				4B84ACD02982F7B30074CBBC /* Nelavelli_Assignment01UITestsLaunchTests.swift */,
			);
			path = Nelavelli_Assignment01UITests;
			sourceTree = "<group>";
		};
/* End PBXGroup section */

/* Begin PBXNativeTarget section */
		4B84ACA92982F7B10074CBBC /* Nelavelli_Assignment01 */ = {
			isa = PBXNativeTarget;
			buildConfigurationList = 4B84ACD42982F7B30074CBBC /* Build configuration list for PBXNativeTarget "Nelavelli_Assignment01" */;
			buildPhases = (
				4B84ACA62982F7B10074CBBC /* Sources */,
				4B84ACA72982F7B10074CBBC /* Frameworks */,
				4B84ACA82982F7B10074CBBC /* Resources */,
			);
			buildRules = (
			);
			dependencies = (
			);
			name = Nelavelli_Assignment01;
			productName = Nelavelli_Assignment01;
			productReference = 4B84ACAA2982F7B10074CBBC /* Nelavelli_Assignment01.app */;
			productType = "com.apple.product-type.application";
		};
		4B84ACBF2982F7B30074CBBC /* Nelavelli_Assignment01Tests */ = {
			isa = PBXNativeTarget;
			buildConfigurationList = 4B84ACD72982F7B30074CBBC /* Build configuration list for PBXNativeTarget "Nelavelli_Assignment01Tests" */;
			buildPhases = (
				4B84ACBC2982F7B30074CBBC /* Sources */,
				4B84ACBD2982F7B30074CBBC /* Frameworks */,
				4B84ACBE2982F7B30074CBBC /* Resources */,
			);
			buildRules = (
			);
			dependencies = (
				4B84ACC22982F7B30074CBBC /* PBXTargetDependency */,
			);
			name = Nelavelli_Assignment01Tests;
			productName = Nelavelli_Assignment01Tests;
			productReference = 4B84ACC02982F7B30074CBBC /* Nelavelli_Assignment01Tests.xctest */;
			productType = "com.apple.product-type.bundle.unit-test";
		};
		4B84ACC92982F7B30074CBBC /* Nelavelli_Assignment01UITests */ = {
			isa = PBXNativeTarget;
			buildConfigurationList = 4B84ACDA2982F7B30074CBBC /* Build configuration list for PBXNativeTarget "Nelavelli_Assignment01UITests" */;
			buildPhases = (
				4B84ACC62982F7B30074CBBC /* Sources */,
				4B84ACC72982F7B30074CBBC /* Frameworks */,
				4B84ACC82982F7B30074CBBC /* Resources */,
			);
			buildRules = (
			);
			dependencies = (
				4B84ACCC2982F7B30074CBBC /* PBXTargetDependency */,
			);
			name = Nelavelli_Assignment01UITests;
			productName = Nelavelli_Assignment01UITests;
			productReference = 4B84ACCA2982F7B30074CBBC /* Nelavelli_Assignment01UITests.xctest */;
			productType = "com.apple.product-type.bundle.ui-testing";
		};
/* End PBXNativeTarget section */

/* Begin PBXProject section */
		4B84ACA22982F7B10074CBBC /* Project object */ = {
			isa = PBXProject;
			attributes = {
				BuildIndependentTargetsInParallel = 1;
				LastSwiftUpdateCheck = 1340;
				LastUpgradeCheck = 1340;
				TargetAttributes = {
					4B84ACA92982F7B10074CBBC = {
						CreatedOnToolsVersion = 13.4.1;
					};
					4B84ACBF2982F7B30074CBBC = {
						CreatedOnToolsVersion = 13.4.1;
						TestTargetID = 4B84ACA92982F7B10074CBBC;
					};
					4B84ACC92982F7B30074CBBC = {
						CreatedOnToolsVersion = 13.4.1;
						TestTargetID = 4B84ACA92982F7B10074CBBC;
					};
				};
			};
			buildConfigurationList = 4B84ACA52982F7B10074CBBC /* Build configuration list for PBXProject "Nelavelli_Assignment01" */;
			compatibilityVersion = "Xcode 13.0";
			developmentRegion = en;
			hasScannedForEncodings = 0;
			knownRegions = (
				en,
				Base,
			);
			mainGroup = 4B84ACA12982F7B10074CBBC;
			productRefGroup = 4B84ACAB2982F7B10074CBBC /* Products */;
			projectDirPath = "";
			projectRoot = "";
			targets = (
				4B84ACA92982F7B10074CBBC /* Nelavelli_Assignment01 */,
				4B84ACBF2982F7B30074CBBC /* Nelavelli_Assignment01Tests */,
				4B84ACC92982F7B30074CBBC /* Nelavelli_Assignment01UITests */,
			);
		};
/* End PBXProject section */

/* Begin PBXResourcesBuildPhase section */
		4B84ACA82982F7B10074CBBC /* Resources */ = {
			isa = PBXResourcesBuildPhase;
			buildActionMask = 2147483647;
			files = (
				4B84ACBA2982F7B30074CBBC /* LaunchScreen.storyboard in Resources */,
				4B84ACB72982F7B30074CBBC /* Assets.xcassets in Resources */,
				4B84ACB52982F7B10074CBBC /* Main.storyboard in Resources */,
			);
			runOnlyForDeploymentPostprocessing = 0;
		};
		4B84ACBE2982F7B30074CBBC /* Resources */ = {
			isa = PBXResourcesBuildPhase;
			buildActionMask = 2147483647;
			files = (
			);
			runOnlyForDeploymentPostprocessing = 0;
		};
		4B84ACC82982F7B30074CBBC /* Resources */ = {
			isa = PBXResourcesBuildPhase;
			buildActionMask = 2147483647;
			files = (
			);
			runOnlyForDeploymentPostprocessing = 0;
		};
/* End PBXResourcesBuildPhase section */

/* Begin PBXSourcesBuildPhase section */
		4B84ACA62982F7B10074CBBC /* Sources */ = {
			isa = PBXSourcesBuildPhase;
			buildActionMask = 2147483647;
			files = (
				4B84ACB22982F7B10074CBBC /* ViewController.swift in Sources */,
				4B84ACAE2982F7B10074CBBC /* AppDelegate.swift in Sources */,
				4B84ACB02982F7B10074CBBC /* SceneDelegate.swift in Sources */,
			);
			runOnlyForDeploymentPostprocessing = 0;
		};
		4B84ACBC2982F7B30074CBBC /* Sources */ = {
			isa = PBXSourcesBuildPhase;
			buildActionMask = 2147483647;
			files = (
				4B84ACC52982F7B30074CBBC /* Nelavelli_Assignment01Tests.swift in Sources */,
			);
			runOnlyForDeploymentPostprocessing = 0;
		};
		4B84ACC62982F7B30074CBBC /* Sources */ = {
			isa = PBXSourcesBuildPhase;
			buildActionMask = 2147483647;
			files = (
				4B84ACCF2982F7B30074CBBC /* Nelavelli_Assignment01UITests.swift in Sources */,
				4B84ACD12982F7B30074CBBC /* Nelavelli_Assignment01UITestsLaunchTests.swift in Sources */,
			);
			runOnlyForDeploymentPostprocessing = 0;
		};
/* End PBXSourcesBuildPhase section */

/* Begin PBXTargetDependency section */
		4B84ACC22982F7B30074CBBC /* PBXTargetDependency */ = {
			isa = PBXTargetDependency;
			target = 4B84ACA92982F7B10074CBBC /* Nelavelli_Assignment01 */;
			targetProxy = 4B84ACC12982F7B30074CBBC /* PBXContainerItemProxy */;
		};
		4B84ACCC2982F7B30074CBBC /* PBXTargetDependency */ = {
			isa = PBXTargetDependency;
			target = 4B84ACA92982F7B10074CBBC /* Nelavelli_Assignment01 */;
			targetProxy = 4B84ACCB2982F7B30074CBBC /* PBXContainerItemProxy */;
		};
/* End PBXTargetDependency section */

/* Begin PBXVariantGroup section */
		4B84ACB32982F7B10074CBBC /* Main.storyboard */ = {
			isa = PBXVariantGroup;
			children = (
				4B84ACB42982F7B10074CBBC /* Base */,
			);
			name = Main.storyboard;
			sourceTree = "<group>";
		};
		4B84ACB82982F7B30074CBBC /* LaunchScreen.storyboard */ = {
			isa = PBXVariantGroup;
			children = (
				4B84ACB92982F7B30074CBBC /* Base */,
			);
			name = LaunchScreen.storyboard;
			sourceTree = "<group>";
		};
/* End PBXVariantGroup section */

/* Begin XCBuildConfiguration section */
		4B84ACD22982F7B30074CBBC /* Debug */ = {
			isa = XCBuildConfiguration;
			buildSettings = {
				ALWAYS_SEARCH_USER_PATHS = NO;
				CLANG_ANALYZER_NONNULL = YES;
				CLANG_ANALYZER_NUMBER_OBJECT_CONVERSION = YES_AGGRESSIVE;
				CLANG_CXX_LANGUAGE_STANDARD = "gnu++17";
				CLANG_ENABLE_MODULES = YES;
				CLANG_ENABLE_OBJC_ARC = YES;
				CLANG_ENABLE_OBJC_WEAK = YES;
				CLANG_WARN_BLOCK_CAPTURE_AUTORELEASING = YES;
				CLANG_WARN_BOOL_CONVERSION = YES;
				CLANG_WARN_COMMA = YES;
				CLANG_WARN_CONSTANT_CONVERSION = YES;
				CLANG_WARN_DEPRECATED_OBJC_IMPLEMENTATIONS = YES;
				CLANG_WARN_DIRECT_OBJC_ISA_USAGE = YES_ERROR;
				CLANG_WARN_DOCUMENTATION_COMMENTS = YES;
				CLANG_WARN_EMPTY_BODY = YES;
				CLANG_WARN_ENUM_CONVERSION = YES;
				CLANG_WARN_INFINITE_RECURSION = YES;
				CLANG_WARN_INT_CONVERSION = YES;
				CLANG_WARN_NON_LITERAL_NULL_CONVERSION = YES;
				CLANG_WARN_OBJC_IMPLICIT_RETAIN_SELF = YES;
				CLANG_WARN_OBJC_LITERAL_CONVERSION = YES;
				CLANG_WARN_OBJC_ROOT_CLASS = YES_ERROR;
				CLANG_WARN_QUOTED_INCLUDE_IN_FRAMEWORK_HEADER = YES;
				CLANG_WARN_RANGE_LOOP_ANALYSIS = YES;
				CLANG_WARN_STRICT_PROTOTYPES = YES;
				CLANG_WARN_SUSPICIOUS_MOVE = YES;
				CLANG_WARN_UNGUARDED_AVAILABILITY = YES_AGGRESSIVE;
				CLANG_WARN_UNREACHABLE_CODE = YES;
				CLANG_WARN__DUPLICATE_METHOD_MATCH = YES;
				COPY_PHASE_STRIP = NO;
				DEBUG_INFORMATION_FORMAT = dwarf;
				ENABLE_STRICT_OBJC_MSGSEND = YES;
				ENABLE_TESTABILITY = YES;
				GCC_C_LANGUAGE_STANDARD = gnu11;
				GCC_DYNAMIC_NO_PIC = NO;
				GCC_NO_COMMON_BLOCKS = YES;
				GCC_OPTIMIZATION_LEVEL = 0;
				GCC_PREPROCESSOR_DEFINITIONS = (
					"DEBUG=1",
					"$(inherited)",
				);
				GCC_WARN_64_TO_32_BIT_CONVERSION = YES;
				GCC_WARN_ABOUT_RETURN_TYPE = YES_ERROR;
				GCC_WARN_UNDECLARED_SELECTOR = YES;
				GCC_WARN_UNINITIALIZED_AUTOS = YES_AGGRESSIVE;
				GCC_WARN_UNUSED_FUNCTION = YES;
				GCC_WARN_UNUSED_VARIABLE = YES;
				IPHONEOS_DEPLOYMENT_TARGET = 15.5;
				MTL_ENABLE_DEBUG_INFO = INCLUDE_SOURCE;
				MTL_FAST_MATH = YES;
				ONLY_ACTIVE_ARCH = YES;
				SDKROOT = iphoneos;
				SWIFT_ACTIVE_COMPILATION_CONDITIONS = DEBUG;
				SWIFT_OPTIMIZATION_LEVEL = "-Onone";
			};
			name = Debug;
		};
		4B84ACD32982F7B30074CBBC /* Release */ = {
			isa = XCBuildConfiguration;
			buildSettings = {
				ALWAYS_SEARCH_USER_PATHS = NO;
				CLANG_ANALYZER_NONNULL = YES;
				CLANG_ANALYZER_NUMBER_OBJECT_CONVERSION = YES_AGGRESSIVE;
				CLANG_CXX_LANGUAGE_STANDARD = "gnu++17";
				CLANG_ENABLE_MODULES = YES;
				CLANG_ENABLE_OBJC_ARC = YES;
				CLANG_ENABLE_OBJC_WEAK = YES;
				CLANG_WARN_BLOCK_CAPTURE_AUTORELEASING = YES;
				CLANG_WARN_BOOL_CONVERSION = YES;
				CLANG_WARN_COMMA = YES;
				CLANG_WARN_CONSTANT_CONVERSION = YES;
				CLANG_WARN_DEPRECATED_OBJC_IMPLEMENTATIONS = YES;
				CLANG_WARN_DIRECT_OBJC_ISA_USAGE = YES_ERROR;
				CLANG_WARN_DOCUMENTATION_COMMENTS = YES;
				CLANG_WARN_EMPTY_BODY = YES;
				CLANG_WARN_ENUM_CONVERSION = YES;
				CLANG_WARN_INFINITE_RECURSION = YES;
				CLANG_WARN_INT_CONVERSION = YES;
				CLANG_WARN_NON_LITERAL_NULL_CONVERSION = YES;
				CLANG_WARN_OBJC_IMPLICIT_RETAIN_SELF = YES;
				CLANG_WARN_OBJC_LITERAL_CONVERSION = YES;
				CLANG_WARN_OBJC_ROOT_CLASS = YES_ERROR;
				CLANG_WARN_QUOTED_INCLUDE_IN_FRAMEWORK_HEADER = YES;
				CLANG_WARN_RANGE_LOOP_ANALYSIS = YES;
				CLANG_WARN_STRICT_PROTOTYPES = YES;
				CLANG_WARN_SUSPICIOUS_MOVE = YES;
				CLANG_WARN_UNGUARDED_AVAILABILITY = YES_AGGRESSIVE;
				CLANG_WARN_UNREACHABLE_CODE = YES;
				CLANG_WARN__DUPLICATE_METHOD_MATCH = YES;
				COPY_PHASE_STRIP = NO;
				DEBUG_INFORMATION_FORMAT = "dwarf-with-dsym";
				ENABLE_NS_ASSERTIONS = NO;
				ENABLE_STRICT_OBJC_MSGSEND = YES;
				GCC_C_LANGUAGE_STANDARD = gnu11;
				GCC_NO_COMMON_BLOCKS = YES;
				GCC_WARN_64_TO_32_BIT_CONVERSION = YES;
				GCC_WARN_ABOUT_RETURN_TYPE = YES_ERROR;
				GCC_WARN_UNDECLARED_SELECTOR = YES;
				GCC_WARN_UNINITIALIZED_AUTOS = YES_AGGRESSIVE;
				GCC_WARN_UNUSED_FUNCTION = YES;
				GCC_WARN_UNUSED_VARIABLE = YES;
				IPHONEOS_DEPLOYMENT_TARGET = 15.5;
				MTL_ENABLE_DEBUG_INFO = NO;
				MTL_FAST_MATH = YES;
				SDKROOT = iphoneos;
				SWIFT_COMPILATION_MODE = wholemodule;
				SWIFT_OPTIMIZATION_LEVEL = "-O";
				VALIDATE_PRODUCT = YES;
			};
			name = Release;
		};
		4B84ACD52982F7B30074CBBC /* Debug */ = {
			isa = XCBuildConfiguration;
			buildSettings = {
				ASSETCATALOG_COMPILER_APPICON_NAME = AppIcon;
				ASSETCATALOG_COMPILER_GLOBAL_ACCENT_COLOR_NAME = AccentColor;
				CODE_SIGN_STYLE = Automatic;
				CURRENT_PROJECT_VERSION = 1;
				GENERATE_INFOPLIST_FILE = YES;
				INFOPLIST_FILE = Nelavelli_Assignment01/Info.plist;
				INFOPLIST_KEY_CFBundleDisplayName = Nelavelli_Assignment01;
				INFOPLIST_KEY_UIApplicationSupportsIndirectInputEvents = YES;
				INFOPLIST_KEY_UILaunchStoryboardName = LaunchScreen;
				INFOPLIST_KEY_UIMainStoryboardFile = Main;
				INFOPLIST_KEY_UISupportedInterfaceOrientations_iPad = "UIInterfaceOrientationPortrait UIInterfaceOrientationPortraitUpsideDown UIInterfaceOrientationLandscapeLeft UIInterfaceOrientationLandscapeRight";
				INFOPLIST_KEY_UISupportedInterfaceOrientations_iPhone = "UIInterfaceOrientationPortrait UIInterfaceOrientationLandscapeLeft UIInterfaceOrientationLandscapeRight";
				IPHONEOS_DEPLOYMENT_TARGET = 15.5;
				LD_RUNPATH_SEARCH_PATHS = (
					"$(inherited)",
					"@executable_path/Frameworks",
				);
				MARKETING_VERSION = 1.0;
				PRODUCT_BUNDLE_IDENTIFIER = "nwmsu.Nelavelli-Assignment01";
				PRODUCT_NAME = "$(TARGET_NAME)";
				SWIFT_EMIT_LOC_STRINGS = YES;
				SWIFT_VERSION = 5.0;
				TARGETED_DEVICE_FAMILY = "1,2";
			};
			name = Debug;
		};
		4B84ACD62982F7B30074CBBC /* Release */ = {
			isa = XCBuildConfiguration;
			buildSettings = {
				ASSETCATALOG_COMPILER_APPICON_NAME = AppIcon;
				ASSETCATALOG_COMPILER_GLOBAL_ACCENT_COLOR_NAME = AccentColor;
				CODE_SIGN_STYLE = Automatic;
				CURRENT_PROJECT_VERSION = 1;
				GENERATE_INFOPLIST_FILE = YES;
				INFOPLIST_FILE = Nelavelli_Assignment01/Info.plist;
				INFOPLIST_KEY_CFBundleDisplayName = Nelavelli_Assignment01;
				INFOPLIST_KEY_UIApplicationSupportsIndirectInputEvents = YES;
				INFOPLIST_KEY_UILaunchStoryboardName = LaunchScreen;
				INFOPLIST_KEY_UIMainStoryboardFile = Main;
				INFOPLIST_KEY_UISupportedInterfaceOrientations_iPad = "UIInterfaceOrientationPortrait UIInterfaceOrientationPortraitUpsideDown UIInterfaceOrientationLandscapeLeft UIInterfaceOrientationLandscapeRight";
				INFOPLIST_KEY_UISupportedInterfaceOrientations_iPhone = "UIInterfaceOrientationPortrait UIInterfaceOrientationLandscapeLeft UIInterfaceOrientationLandscapeRight";
				IPHONEOS_DEPLOYMENT_TARGET = 15.5;
				LD_RUNPATH_SEARCH_PATHS = (
					"$(inherited)",
					"@executable_path/Frameworks",
				);
				MARKETING_VERSION = 1.0;
				PRODUCT_BUNDLE_IDENTIFIER = "nwmsu.Nelavelli-Assignment01";
				PRODUCT_NAME = "$(TARGET_NAME)";
				SWIFT_EMIT_LOC_STRINGS = YES;
				SWIFT_VERSION = 5.0;
				TARGETED_DEVICE_FAMILY = "1,2";
			};
			name = Release;
		};
		4B84ACD82982F7B30074CBBC /* Debug */ = {
			isa = XCBuildConfiguration;
			buildSettings = {
				ALWAYS_EMBED_SWIFT_STANDARD_LIBRARIES = YES;
				BUNDLE_LOADER = "$(TEST_HOST)";
				CODE_SIGN_STYLE = Automatic;
				CURRENT_PROJECT_VERSION = 1;
				GENERATE_INFOPLIST_FILE = YES;
				IPHONEOS_DEPLOYMENT_TARGET = 15.5;
				MARKETING_VERSION = 1.0;
				PRODUCT_BUNDLE_IDENTIFIER = "nwmsu.Nelavelli-Assignment01Tests";
				PRODUCT_NAME = "$(TARGET_NAME)";
				SWIFT_EMIT_LOC_STRINGS = NO;
				SWIFT_VERSION = 5.0;
				TARGETED_DEVICE_FAMILY = "1,2";
				TEST_HOST = "$(BUILT_PRODUCTS_DIR)/Nelavelli_Assignment01.app/Nelavelli_Assignment01";
			};
			name = Debug;
		};
		4B84ACD92982F7B30074CBBC /* Release */ = {
			isa = XCBuildConfiguration;
			buildSettings = {
				ALWAYS_EMBED_SWIFT_STANDARD_LIBRARIES = YES;
				BUNDLE_LOADER = "$(TEST_HOST)";
				CODE_SIGN_STYLE = Automatic;
				CURRENT_PROJECT_VERSION = 1;
				GENERATE_INFOPLIST_FILE = YES;
				IPHONEOS_DEPLOYMENT_TARGET = 15.5;
				MARKETING_VERSION = 1.0;
				PRODUCT_BUNDLE_IDENTIFIER = "nwmsu.Nelavelli-Assignment01Tests";
				PRODUCT_NAME = "$(TARGET_NAME)";
				SWIFT_EMIT_LOC_STRINGS = NO;
				SWIFT_VERSION = 5.0;
				TARGETED_DEVICE_FAMILY = "1,2";
				TEST_HOST = "$(BUILT_PRODUCTS_DIR)/Nelavelli_Assignment01.app/Nelavelli_Assignment01";
			};
			name = Release;
		};
		4B84ACDB2982F7B30074CBBC /* Debug */ = {
			isa = XCBuildConfiguration;
			buildSettings = {
				ALWAYS_EMBED_SWIFT_STANDARD_LIBRARIES = YES;
				CODE_SIGN_STYLE = Automatic;
				CURRENT_PROJECT_VERSION = 1;
				GENERATE_INFOPLIST_FILE = YES;
				MARKETING_VERSION = 1.0;
				PRODUCT_BUNDLE_IDENTIFIER = "nwmsu.Nelavelli-Assignment01UITests";
				PRODUCT_NAME = "$(TARGET_NAME)";
				SWIFT_EMIT_LOC_STRINGS = NO;
				SWIFT_VERSION = 5.0;
				TARGETED_DEVICE_FAMILY = "1,2";
				TEST_TARGET_NAME = Nelavelli_Assignment01;
			};
			name = Debug;
		};
		4B84ACDC2982F7B30074CBBC /* Release */ = {
			isa = XCBuildConfiguration;
			buildSettings = {
				ALWAYS_EMBED_SWIFT_STANDARD_LIBRARIES = YES;
				CODE_SIGN_STYLE = Automatic;
				CURRENT_PROJECT_VERSION = 1;
				GENERATE_INFOPLIST_FILE = YES;
				MARKETING_VERSION = 1.0;
				PRODUCT_BUNDLE_IDENTIFIER = "nwmsu.Nelavelli-Assignment01UITests";
				PRODUCT_NAME = "$(TARGET_NAME)";
				SWIFT_EMIT_LOC_STRINGS = NO;
				SWIFT_VERSION = 5.0;
				TARGETED_DEVICE_FAMILY = "1,2";
				TEST_TARGET_NAME = Nelavelli_Assignment01;
			};
			name = Release;
		};
/* End XCBuildConfiguration section */

/* Begin XCConfigurationList section */
		4B84ACA52982F7B10074CBBC /* Build configuration list for PBXProject "Nelavelli_Assignment01" */ = {
			isa = XCConfigurationList;
			buildConfigurations = (
				4B84ACD22982F7B30074CBBC /* Debug */,
				4B84ACD32982F7B30074CBBC /* Release */,
			);
			defaultConfigurationIsVisible = 0;
			defaultConfigurationName = Release;
		};
		4B84ACD42982F7B30074CBBC /* Build configuration list for PBXNativeTarget "Nelavelli_Assignment01" */ = {
			isa = XCConfigurationList;
			buildConfigurations = (
				4B84ACD52982F7B30074CBBC /* Debug */,
				4B84ACD62982F7B30074CBBC /* Release */,
			);
			defaultConfigurationIsVisible = 0;
			defaultConfigurationName = Release;
		};
		4B84ACD72982F7B30074CBBC /* Build configuration list for PBXNativeTarget "Nelavelli_Assignment01Tests" */ = {
			isa = XCConfigurationList;
			buildConfigurations = (
				4B84ACD82982F7B30074CBBC /* Debug */,
				4B84ACD92982F7B30074CBBC /* Release */,
			);
			defaultConfigurationIsVisible = 0;
			defaultConfigurationName = Release;
		};
		4B84ACDA2982F7B30074CBBC /* Build configuration list for PBXNativeTarget "Nelavelli_Assignment01UITests" */ = {
			isa = XCConfigurationList;
			buildConfigurations = (
				4B84ACDB2982F7B30074CBBC /* Debug */,
				4B84ACDC2982F7B30074CBBC /* Release */,
			);
			defaultConfigurationIsVisible = 0;
			defaultConfigurationName = Release;
		};
/* End XCConfigurationList section */
	};
	rootObject = 4B84ACA22982F7B10074CBBC /* Project object */;
}
