// !$*UTF8*$!
{
	archiveVersion = 1;
	classes = {
	};
	objectVersion = 55;
	objects = {

/* Begin PBXBuildFile section */
		4B9265A329A5091D00C66D38 /* AppDelegate.swift in Sources */ = {isa = PBXBuildFile; fileRef = 4B9265A229A5091D00C66D38 /* AppDelegate.swift */; };
		4B9265A529A5091D00C66D38 /* SceneDelegate.swift in Sources */ = {isa = PBXBuildFile; fileRef = 4B9265A429A5091D00C66D38 /* SceneDelegate.swift */; };
		4B9265A729A5091D00C66D38 /* ViewController.swift in Sources */ = {isa = PBXBuildFile; fileRef = 4B9265A629A5091D00C66D38 /* ViewController.swift */; };
		4B9265AA29A5091D00C66D38 /* Main.storyboard in Resources */ = {isa = PBXBuildFile; fileRef = 4B9265A829A5091D00C66D38 /* Main.storyboard */; };
		4B9265AC29A5091F00C66D38 /* Assets.xcassets in Resources */ = {isa = PBXBuildFile; fileRef = 4B9265AB29A5091F00C66D38 /* Assets.xcassets */; };
		4B9265AF29A5091F00C66D38 /* LaunchScreen.storyboard in Resources */ = {isa = PBXBuildFile; fileRef = 4B9265AD29A5091F00C66D38 /* LaunchScreen.storyboard */; };
		4B9265BA29A5091F00C66D38 /* displayImageAppTests.swift in Sources */ = {isa = PBXBuildFile; fileRef = 4B9265B929A5091F00C66D38 /* displayImageAppTests.swift */; };
		4B9265C429A5091F00C66D38 /* displayImageAppUITests.swift in Sources */ = {isa = PBXBuildFile; fileRef = 4B9265C329A5091F00C66D38 /* displayImageAppUITests.swift */; };
		4B9265C629A5091F00C66D38 /* displayImageAppUITestsLaunchTests.swift in Sources */ = {isa = PBXBuildFile; fileRef = 4B9265C529A5091F00C66D38 /* displayImageAppUITestsLaunchTests.swift */; };
/* End PBXBuildFile section */

/* Begin PBXContainerItemProxy section */
		4B9265B629A5091F00C66D38 /* PBXContainerItemProxy */ = {
			isa = PBXContainerItemProxy;
			containerPortal = 4B92659729A5091D00C66D38 /* Project object */;
			proxyType = 1;
			remoteGlobalIDString = 4B92659E29A5091D00C66D38;
			remoteInfo = displayImageApp;
		};
		4B9265C029A5091F00C66D38 /* PBXContainerItemProxy */ = {
			isa = PBXContainerItemProxy;
			containerPortal = 4B92659729A5091D00C66D38 /* Project object */;
			proxyType = 1;
			remoteGlobalIDString = 4B92659E29A5091D00C66D38;
			remoteInfo = displayImageApp;
		};
/* End PBXContainerItemProxy section */

/* Begin PBXFileReference section */
		4B92659F29A5091D00C66D38 /* displayImageApp.app */ = {isa = PBXFileReference; explicitFileType = wrapper.application; includeInIndex = 0; path = displayImageApp.app; sourceTree = BUILT_PRODUCTS_DIR; };
		4B9265A229A5091D00C66D38 /* AppDelegate.swift */ = {isa = PBXFileReference; lastKnownFileType = sourcecode.swift; path = AppDelegate.swift; sourceTree = "<group>"; };
		4B9265A429A5091D00C66D38 /* SceneDelegate.swift */ = {isa = PBXFileReference; lastKnownFileType = sourcecode.swift; path = SceneDelegate.swift; sourceTree = "<group>"; };
		4B9265A629A5091D00C66D38 /* ViewController.swift */ = {isa = PBXFileReference; lastKnownFileType = sourcecode.swift; path = ViewController.swift; sourceTree = "<group>"; };
		4B9265A929A5091D00C66D38 /* Base */ = {isa = PBXFileReference; lastKnownFileType = file.storyboard; name = Base; path = Base.lproj/Main.storyboard; sourceTree = "<group>"; };
		4B9265AB29A5091F00C66D38 /* Assets.xcassets */ = {isa = PBXFileReference; lastKnownFileType = folder.assetcatalog; path = Assets.xcassets; sourceTree = "<group>"; };
		4B9265AE29A5091F00C66D38 /* Base */ = {isa = PBXFileReference; lastKnownFileType = file.storyboard; name = Base; path = Base.lproj/LaunchScreen.storyboard; sourceTree = "<group>"; };
		4B9265B029A5091F00C66D38 /* Info.plist */ = {isa = PBXFileReference; lastKnownFileType = text.plist.xml; path = Info.plist; sourceTree = "<group>"; };
		4B9265B529A5091F00C66D38 /* displayImageAppTests.xctest */ = {isa = PBXFileReference; explicitFileType = wrapper.cfbundle; includeInIndex = 0; path = displayImageAppTests.xctest; sourceTree = BUILT_PRODUCTS_DIR; };
		4B9265B929A5091F00C66D38 /* displayImageAppTests.swift */ = {isa = PBXFileReference; lastKnownFileType = sourcecode.swift; path = displayImageAppTests.swift; sourceTree = "<group>"; };
		4B9265BF29A5091F00C66D38 /* displayImageAppUITests.xctest */ = {isa = PBXFileReference; explicitFileType = wrapper.cfbundle; includeInIndex = 0; path = displayImageAppUITests.xctest; sourceTree = BUILT_PRODUCTS_DIR; };
		4B9265C329A5091F00C66D38 /* displayImageAppUITests.swift */ = {isa = PBXFileReference; lastKnownFileType = sourcecode.swift; path = displayImageAppUITests.swift; sourceTree = "<group>"; };
		4B9265C529A5091F00C66D38 /* displayImageAppUITestsLaunchTests.swift */ = {isa = PBXFileReference; lastKnownFileType = sourcecode.swift; path = displayImageAppUITestsLaunchTests.swift; sourceTree = "<group>"; };
/* End PBXFileReference section */

/* Begin PBXFrameworksBuildPhase section */
		4B92659C29A5091D00C66D38 /* Frameworks */ = {
			isa = PBXFrameworksBuildPhase;
			buildActionMask = 2147483647;
			files = (
			);
			runOnlyForDeploymentPostprocessing = 0;
		};
		4B9265B229A5091F00C66D38 /* Frameworks */ = {
			isa = PBXFrameworksBuildPhase;
			buildActionMask = 2147483647;
			files = (
			);
			runOnlyForDeploymentPostprocessing = 0;
		};
		4B9265BC29A5091F00C66D38 /* Frameworks */ = {
			isa = PBXFrameworksBuildPhase;
			buildActionMask = 2147483647;
			files = (
			);
			runOnlyForDeploymentPostprocessing = 0;
		};
/* End PBXFrameworksBuildPhase section */

/* Begin PBXGroup section */
		4B92659629A5091D00C66D38 = {
			isa = PBXGroup;
			children = (
				4B9265A129A5091D00C66D38 /* displayImageApp */,
				4B9265B829A5091F00C66D38 /* displayImageAppTests */,
				4B9265C229A5091F00C66D38 /* displayImageAppUITests */,
				4B9265A029A5091D00C66D38 /* Products */,
			);
			sourceTree = "<group>";
		};
		4B9265A029A5091D00C66D38 /* Products */ = {
			isa = PBXGroup;
			children = (
				4B92659F29A5091D00C66D38 /* displayImageApp.app */,
				4B9265B529A5091F00C66D38 /* displayImageAppTests.xctest */,
				4B9265BF29A5091F00C66D38 /* displayImageAppUITests.xctest */,
			);
			name = Products;
			sourceTree = "<group>";
		};
		4B9265A129A5091D00C66D38 /* displayImageApp */ = {
			isa = PBXGroup;
			children = (
				4B9265A229A5091D00C66D38 /* AppDelegate.swift */,
				4B9265A429A5091D00C66D38 /* SceneDelegate.swift */,
				4B9265A629A5091D00C66D38 /* ViewController.swift */,
				4B9265A829A5091D00C66D38 /* Main.storyboard */,
				4B9265AB29A5091F00C66D38 /* Assets.xcassets */,
				4B9265AD29A5091F00C66D38 /* LaunchScreen.storyboard */,
				4B9265B029A5091F00C66D38 /* Info.plist */,
			);
			path = displayImageApp;
			sourceTree = "<group>";
		};
		4B9265B829A5091F00C66D38 /* displayImageAppTests */ = {
			isa = PBXGroup;
			children = (
				4B9265B929A5091F00C66D38 /* displayImageAppTests.swift */,
			);
			path = displayImageAppTests;
			sourceTree = "<group>";
		};
		4B9265C229A5091F00C66D38 /* displayImageAppUITests */ = {
			isa = PBXGroup;
			children = (
				4B9265C329A5091F00C66D38 /* displayImageAppUITests.swift */,
				4B9265C529A5091F00C66D38 /* displayImageAppUITestsLaunchTests.swift */,
			);
			path = displayImageAppUITests;
			sourceTree = "<group>";
		};
/* End PBXGroup section */

/* Begin PBXNativeTarget section */
		4B92659E29A5091D00C66D38 /* displayImageApp */ = {
			isa = PBXNativeTarget;
			buildConfigurationList = 4B9265C929A5091F00C66D38 /* Build configuration list for PBXNativeTarget "displayImageApp" */;
			buildPhases = (
				4B92659B29A5091D00C66D38 /* Sources */,
				4B92659C29A5091D00C66D38 /* Frameworks */,
				4B92659D29A5091D00C66D38 /* Resources */,
			);
			buildRules = (
			);
			dependencies = (
			);
			name = displayImageApp;
			productName = displayImageApp;
			productReference = 4B92659F29A5091D00C66D38 /* displayImageApp.app */;
			productType = "com.apple.product-type.application";
		};
		4B9265B429A5091F00C66D38 /* displayImageAppTests */ = {
			isa = PBXNativeTarget;
			buildConfigurationList = 4B9265CC29A5091F00C66D38 /* Build configuration list for PBXNativeTarget "displayImageAppTests" */;
			buildPhases = (
				4B9265B129A5091F00C66D38 /* Sources */,
				4B9265B229A5091F00C66D38 /* Frameworks */,
				4B9265B329A5091F00C66D38 /* Resources */,
			);
			buildRules = (
			);
			dependencies = (
				4B9265B729A5091F00C66D38 /* PBXTargetDependency */,
			);
			name = displayImageAppTests;
			productName = displayImageAppTests;
			productReference = 4B9265B529A5091F00C66D38 /* displayImageAppTests.xctest */;
			productType = "com.apple.product-type.bundle.unit-test";
		};
		4B9265BE29A5091F00C66D38 /* displayImageAppUITests */ = {
			isa = PBXNativeTarget;
			buildConfigurationList = 4B9265CF29A5091F00C66D38 /* Build configuration list for PBXNativeTarget "displayImageAppUITests" */;
			buildPhases = (
				4B9265BB29A5091F00C66D38 /* Sources */,
				4B9265BC29A5091F00C66D38 /* Frameworks */,
				4B9265BD29A5091F00C66D38 /* Resources */,
			);
			buildRules = (
			);
			dependencies = (
				4B9265C129A5091F00C66D38 /* PBXTargetDependency */,
			);
			name = displayImageAppUITests;
			productName = displayImageAppUITests;
			productReference = 4B9265BF29A5091F00C66D38 /* displayImageAppUITests.xctest */;
			productType = "com.apple.product-type.bundle.ui-testing";
		};
/* End PBXNativeTarget section */

/* Begin PBXProject section */
		4B92659729A5091D00C66D38 /* Project object */ = {
			isa = PBXProject;
			attributes = {
				BuildIndependentTargetsInParallel = 1;
				LastSwiftUpdateCheck = 1340;
				LastUpgradeCheck = 1340;
				TargetAttributes = {
					4B92659E29A5091D00C66D38 = {
						CreatedOnToolsVersion = 13.4.1;
					};
					4B9265B429A5091F00C66D38 = {
						CreatedOnToolsVersion = 13.4.1;
						TestTargetID = 4B92659E29A5091D00C66D38;
					};
					4B9265BE29A5091F00C66D38 = {
						CreatedOnToolsVersion = 13.4.1;
						TestTargetID = 4B92659E29A5091D00C66D38;
					};
				};
			};
			buildConfigurationList = 4B92659A29A5091D00C66D38 /* Build configuration list for PBXProject "displayImageApp" */;
			compatibilityVersion = "Xcode 13.0";
			developmentRegion = en;
			hasScannedForEncodings = 0;
			knownRegions = (
				en,
				Base,
			);
			mainGroup = 4B92659629A5091D00C66D38;
			productRefGroup = 4B9265A029A5091D00C66D38 /* Products */;
			projectDirPath = "";
			projectRoot = "";
			targets = (
				4B92659E29A5091D00C66D38 /* displayImageApp */,
				4B9265B429A5091F00C66D38 /* displayImageAppTests */,
				4B9265BE29A5091F00C66D38 /* displayImageAppUITests */,
			);
		};
/* End PBXProject section */

/* Begin PBXResourcesBuildPhase section */
		4B92659D29A5091D00C66D38 /* Resources */ = {
			isa = PBXResourcesBuildPhase;
			buildActionMask = 2147483647;
			files = (
				4B9265AF29A5091F00C66D38 /* LaunchScreen.storyboard in Resources */,
				4B9265AC29A5091F00C66D38 /* Assets.xcassets in Resources */,
				4B9265AA29A5091D00C66D38 /* Main.storyboard in Resources */,
			);
			runOnlyForDeploymentPostprocessing = 0;
		};
		4B9265B329A5091F00C66D38 /* Resources */ = {
			isa = PBXResourcesBuildPhase;
			buildActionMask = 2147483647;
			files = (
			);
			runOnlyForDeploymentPostprocessing = 0;
		};
		4B9265BD29A5091F00C66D38 /* Resources */ = {
			isa = PBXResourcesBuildPhase;
			buildActionMask = 2147483647;
			files = (
			);
			runOnlyForDeploymentPostprocessing = 0;
		};
/* End PBXResourcesBuildPhase section */

/* Begin PBXSourcesBuildPhase section */
		4B92659B29A5091D00C66D38 /* Sources */ = {
			isa = PBXSourcesBuildPhase;
			buildActionMask = 2147483647;
			files = (
				4B9265A729A5091D00C66D38 /* ViewController.swift in Sources */,
				4B9265A329A5091D00C66D38 /* AppDelegate.swift in Sources */,
				4B9265A529A5091D00C66D38 /* SceneDelegate.swift in Sources */,
			);
			runOnlyForDeploymentPostprocessing = 0;
		};
		4B9265B129A5091F00C66D38 /* Sources */ = {
			isa = PBXSourcesBuildPhase;
			buildActionMask = 2147483647;
			files = (
				4B9265BA29A5091F00C66D38 /* displayImageAppTests.swift in Sources */,
			);
			runOnlyForDeploymentPostprocessing = 0;
		};
		4B9265BB29A5091F00C66D38 /* Sources */ = {
			isa = PBXSourcesBuildPhase;
			buildActionMask = 2147483647;
			files = (
				4B9265C429A5091F00C66D38 /* displayImageAppUITests.swift in Sources */,
				4B9265C629A5091F00C66D38 /* displayImageAppUITestsLaunchTests.swift in Sources */,
			);
			runOnlyForDeploymentPostprocessing = 0;
		};
/* End PBXSourcesBuildPhase section */

/* Begin PBXTargetDependency section */
		4B9265B729A5091F00C66D38 /* PBXTargetDependency */ = {
			isa = PBXTargetDependency;
			target = 4B92659E29A5091D00C66D38 /* displayImageApp */;
			targetProxy = 4B9265B629A5091F00C66D38 /* PBXContainerItemProxy */;
		};
		4B9265C129A5091F00C66D38 /* PBXTargetDependency */ = {
			isa = PBXTargetDependency;
			target = 4B92659E29A5091D00C66D38 /* displayImageApp */;
			targetProxy = 4B9265C029A5091F00C66D38 /* PBXContainerItemProxy */;
		};
/* End PBXTargetDependency section */

/* Begin PBXVariantGroup section */
		4B9265A829A5091D00C66D38 /* Main.storyboard */ = {
			isa = PBXVariantGroup;
			children = (
				4B9265A929A5091D00C66D38 /* Base */,
			);
			name = Main.storyboard;
			sourceTree = "<group>";
		};
		4B9265AD29A5091F00C66D38 /* LaunchScreen.storyboard */ = {
			isa = PBXVariantGroup;
			children = (
				4B9265AE29A5091F00C66D38 /* Base */,
			);
			name = LaunchScreen.storyboard;
			sourceTree = "<group>";
		};
/* End PBXVariantGroup section */

/* Begin XCBuildConfiguration section */
		4B9265C729A5091F00C66D38 /* Debug */ = {
			isa = XCBuildConfiguration;
			buildSettings = {
				ALWAYS_SEARCH_USER_PATHS = NO;
				CLANG_ANALYZER_NONNULL = YES;
				CLANG_ANALYZER_NUMBER_OBJECT_CONVERSION = YES_AGGRESSIVE;
				CLANG_CXX_LANGUAGE_STANDARD = "gnu++17";
				CLANG_ENABLE_MODULES = YES;
				CLANG_ENABLE_OBJC_ARC = YES;
				CLANG_ENABLE_OBJC_WEAK = YES;
				CLANG_WARN_BLOCK_CAPTURE_AUTORELEASING = YES;
				CLANG_WARN_BOOL_CONVERSION = YES;
				CLANG_WARN_COMMA = YES;
				CLANG_WARN_CONSTANT_CONVERSION = YES;
				CLANG_WARN_DEPRECATED_OBJC_IMPLEMENTATIONS = YES;
				CLANG_WARN_DIRECT_OBJC_ISA_USAGE = YES_ERROR;
				CLANG_WARN_DOCUMENTATION_COMMENTS = YES;
				CLANG_WARN_EMPTY_BODY = YES;
				CLANG_WARN_ENUM_CONVERSION = YES;
				CLANG_WARN_INFINITE_RECURSION = YES;
				CLANG_WARN_INT_CONVERSION = YES;
				CLANG_WARN_NON_LITERAL_NULL_CONVERSION = YES;
				CLANG_WARN_OBJC_IMPLICIT_RETAIN_SELF = YES;
				CLANG_WARN_OBJC_LITERAL_CONVERSION = YES;
				CLANG_WARN_OBJC_ROOT_CLASS = YES_ERROR;
				CLANG_WARN_QUOTED_INCLUDE_IN_FRAMEWORK_HEADER = YES;
				CLANG_WARN_RANGE_LOOP_ANALYSIS = YES;
				CLANG_WARN_STRICT_PROTOTYPES = YES;
				CLANG_WARN_SUSPICIOUS_MOVE = YES;
				CLANG_WARN_UNGUARDED_AVAILABILITY = YES_AGGRESSIVE;
				CLANG_WARN_UNREACHABLE_CODE = YES;
				CLANG_WARN__DUPLICATE_METHOD_MATCH = YES;
				COPY_PHASE_STRIP = NO;
				DEBUG_INFORMATION_FORMAT = dwarf;
				ENABLE_STRICT_OBJC_MSGSEND = YES;
				ENABLE_TESTABILITY = YES;
				GCC_C_LANGUAGE_STANDARD = gnu11;
				GCC_DYNAMIC_NO_PIC = NO;
				GCC_NO_COMMON_BLOCKS = YES;
				GCC_OPTIMIZATION_LEVEL = 0;
				GCC_PREPROCESSOR_DEFINITIONS = (
					"DEBUG=1",
					"$(inherited)",
				);
				GCC_WARN_64_TO_32_BIT_CONVERSION = YES;
				GCC_WARN_ABOUT_RETURN_TYPE = YES_ERROR;
				GCC_WARN_UNDECLARED_SELECTOR = YES;
				GCC_WARN_UNINITIALIZED_AUTOS = YES_AGGRESSIVE;
				GCC_WARN_UNUSED_FUNCTION = YES;
				GCC_WARN_UNUSED_VARIABLE = YES;
				IPHONEOS_DEPLOYMENT_TARGET = 15.5;
				MTL_ENABLE_DEBUG_INFO = INCLUDE_SOURCE;
				MTL_FAST_MATH = YES;
				ONLY_ACTIVE_ARCH = YES;
				SDKROOT = iphoneos;
				SWIFT_ACTIVE_COMPILATION_CONDITIONS = DEBUG;
				SWIFT_OPTIMIZATION_LEVEL = "-Onone";
			};
			name = Debug;
		};
		4B9265C829A5091F00C66D38 /* Release */ = {
			isa = XCBuildConfiguration;
			buildSettings = {
				ALWAYS_SEARCH_USER_PATHS = NO;
				CLANG_ANALYZER_NONNULL = YES;
				CLANG_ANALYZER_NUMBER_OBJECT_CONVERSION = YES_AGGRESSIVE;
				CLANG_CXX_LANGUAGE_STANDARD = "gnu++17";
				CLANG_ENABLE_MODULES = YES;
				CLANG_ENABLE_OBJC_ARC = YES;
				CLANG_ENABLE_OBJC_WEAK = YES;
				CLANG_WARN_BLOCK_CAPTURE_AUTORELEASING = YES;
				CLANG_WARN_BOOL_CONVERSION = YES;
				CLANG_WARN_COMMA = YES;
				CLANG_WARN_CONSTANT_CONVERSION = YES;
				CLANG_WARN_DEPRECATED_OBJC_IMPLEMENTATIONS = YES;
				CLANG_WARN_DIRECT_OBJC_ISA_USAGE = YES_ERROR;
				CLANG_WARN_DOCUMENTATION_COMMENTS = YES;
				CLANG_WARN_EMPTY_BODY = YES;
				CLANG_WARN_ENUM_CONVERSION = YES;
				CLANG_WARN_INFINITE_RECURSION = YES;
				CLANG_WARN_INT_CONVERSION = YES;
				CLANG_WARN_NON_LITERAL_NULL_CONVERSION = YES;
				CLANG_WARN_OBJC_IMPLICIT_RETAIN_SELF = YES;
				CLANG_WARN_OBJC_LITERAL_CONVERSION = YES;
				CLANG_WARN_OBJC_ROOT_CLASS = YES_ERROR;
				CLANG_WARN_QUOTED_INCLUDE_IN_FRAMEWORK_HEADER = YES;
				CLANG_WARN_RANGE_LOOP_ANALYSIS = YES;
				CLANG_WARN_STRICT_PROTOTYPES = YES;
				CLANG_WARN_SUSPICIOUS_MOVE = YES;
				CLANG_WARN_UNGUARDED_AVAILABILITY = YES_AGGRESSIVE;
				CLANG_WARN_UNREACHABLE_CODE = YES;
				CLANG_WARN__DUPLICATE_METHOD_MATCH = YES;
				COPY_PHASE_STRIP = NO;
				DEBUG_INFORMATION_FORMAT = "dwarf-with-dsym";
				ENABLE_NS_ASSERTIONS = NO;
				ENABLE_STRICT_OBJC_MSGSEND = YES;
				GCC_C_LANGUAGE_STANDARD = gnu11;
				GCC_NO_COMMON_BLOCKS = YES;
				GCC_WARN_64_TO_32_BIT_CONVERSION = YES;
				GCC_WARN_ABOUT_RETURN_TYPE = YES_ERROR;
				GCC_WARN_UNDECLARED_SELECTOR = YES;
				GCC_WARN_UNINITIALIZED_AUTOS = YES_AGGRESSIVE;
				GCC_WARN_UNUSED_FUNCTION = YES;
				GCC_WARN_UNUSED_VARIABLE = YES;
				IPHONEOS_DEPLOYMENT_TARGET = 15.5;
				MTL_ENABLE_DEBUG_INFO = NO;
				MTL_FAST_MATH = YES;
				SDKROOT = iphoneos;
				SWIFT_COMPILATION_MODE = wholemodule;
				SWIFT_OPTIMIZATION_LEVEL = "-O";
				VALIDATE_PRODUCT = YES;
			};
			name = Release;
		};
		4B9265CA29A5091F00C66D38 /* Debug */ = {
			isa = XCBuildConfiguration;
			buildSettings = {
				ASSETCATALOG_COMPILER_APPICON_NAME = AppIcon;
				ASSETCATALOG_COMPILER_GLOBAL_ACCENT_COLOR_NAME = AccentColor;
				CODE_SIGN_STYLE = Automatic;
				CURRENT_PROJECT_VERSION = 1;
				GENERATE_INFOPLIST_FILE = YES;
				INFOPLIST_FILE = displayImageApp/Info.plist;
				INFOPLIST_KEY_UIApplicationSupportsIndirectInputEvents = YES;
				INFOPLIST_KEY_UILaunchStoryboardName = LaunchScreen;
				INFOPLIST_KEY_UIMainStoryboardFile = Main;
				INFOPLIST_KEY_UISupportedInterfaceOrientations_iPad = "UIInterfaceOrientationPortrait UIInterfaceOrientationPortraitUpsideDown UIInterfaceOrientationLandscapeLeft UIInterfaceOrientationLandscapeRight";
				INFOPLIST_KEY_UISupportedInterfaceOrientations_iPhone = "UIInterfaceOrientationPortrait UIInterfaceOrientationLandscapeLeft UIInterfaceOrientationLandscapeRight";
				LD_RUNPATH_SEARCH_PATHS = (
					"$(inherited)",
					"@executable_path/Frameworks",
				);
				MARKETING_VERSION = 1.0;
				PRODUCT_BUNDLE_IDENTIFIER = nwmissouri.edu.displayImageApp;
				PRODUCT_NAME = "$(TARGET_NAME)";
				SWIFT_EMIT_LOC_STRINGS = YES;
				SWIFT_VERSION = 5.0;
				TARGETED_DEVICE_FAMILY = "1,2";
			};
			name = Debug;
		};
		4B9265CB29A5091F00C66D38 /* Release */ = {
			isa = XCBuildConfiguration;
			buildSettings = {
				ASSETCATALOG_COMPILER_APPICON_NAME = AppIcon;
				ASSETCATALOG_COMPILER_GLOBAL_ACCENT_COLOR_NAME = AccentColor;
				CODE_SIGN_STYLE = Automatic;
				CURRENT_PROJECT_VERSION = 1;
				GENERATE_INFOPLIST_FILE = YES;
				INFOPLIST_FILE = displayImageApp/Info.plist;
				INFOPLIST_KEY_UIApplicationSupportsIndirectInputEvents = YES;
				INFOPLIST_KEY_UILaunchStoryboardName = LaunchScreen;
				INFOPLIST_KEY_UIMainStoryboardFile = Main;
				INFOPLIST_KEY_UISupportedInterfaceOrientations_iPad = "UIInterfaceOrientationPortrait UIInterfaceOrientationPortraitUpsideDown UIInterfaceOrientationLandscapeLeft UIInterfaceOrientationLandscapeRight";
				INFOPLIST_KEY_UISupportedInterfaceOrientations_iPhone = "UIInterfaceOrientationPortrait UIInterfaceOrientationLandscapeLeft UIInterfaceOrientationLandscapeRight";
				LD_RUNPATH_SEARCH_PATHS = (
					"$(inherited)",
					"@executable_path/Frameworks",
				);
				MARKETING_VERSION = 1.0;
				PRODUCT_BUNDLE_IDENTIFIER = nwmissouri.edu.displayImageApp;
				PRODUCT_NAME = "$(TARGET_NAME)";
				SWIFT_EMIT_LOC_STRINGS = YES;
				SWIFT_VERSION = 5.0;
				TARGETED_DEVICE_FAMILY = "1,2";
			};
			name = Release;
		};
		4B9265CD29A5091F00C66D38 /* Debug */ = {
			isa = XCBuildConfiguration;
			buildSettings = {
				ALWAYS_EMBED_SWIFT_STANDARD_LIBRARIES = YES;
				BUNDLE_LOADER = "$(TEST_HOST)";
				CODE_SIGN_STYLE = Automatic;
				CURRENT_PROJECT_VERSION = 1;
				GENERATE_INFOPLIST_FILE = YES;
				IPHONEOS_DEPLOYMENT_TARGET = 15.5;
				MARKETING_VERSION = 1.0;
				PRODUCT_BUNDLE_IDENTIFIER = nwmissouri.edu.displayImageAppTests;
				PRODUCT_NAME = "$(TARGET_NAME)";
				SWIFT_EMIT_LOC_STRINGS = NO;
				SWIFT_VERSION = 5.0;
				TARGETED_DEVICE_FAMILY = "1,2";
				TEST_HOST = "$(BUILT_PRODUCTS_DIR)/displayImageApp.app/displayImageApp";
			};
			name = Debug;
		};
		4B9265CE29A5091F00C66D38 /* Release */ = {
			isa = XCBuildConfiguration;
			buildSettings = {
				ALWAYS_EMBED_SWIFT_STANDARD_LIBRARIES = YES;
				BUNDLE_LOADER = "$(TEST_HOST)";
				CODE_SIGN_STYLE = Automatic;
				CURRENT_PROJECT_VERSION = 1;
				GENERATE_INFOPLIST_FILE = YES;
				IPHONEOS_DEPLOYMENT_TARGET = 15.5;
				MARKETING_VERSION = 1.0;
				PRODUCT_BUNDLE_IDENTIFIER = nwmissouri.edu.displayImageAppTests;
				PRODUCT_NAME = "$(TARGET_NAME)";
				SWIFT_EMIT_LOC_STRINGS = NO;
				SWIFT_VERSION = 5.0;
				TARGETED_DEVICE_FAMILY = "1,2";
				TEST_HOST = "$(BUILT_PRODUCTS_DIR)/displayImageApp.app/displayImageApp";
			};
			name = Release;
		};
		4B9265D029A5091F00C66D38 /* Debug */ = {
			isa = XCBuildConfiguration;
			buildSettings = {
				ALWAYS_EMBED_SWIFT_STANDARD_LIBRARIES = YES;
				CODE_SIGN_STYLE = Automatic;
				CURRENT_PROJECT_VERSION = 1;
				GENERATE_INFOPLIST_FILE = YES;
				MARKETING_VERSION = 1.0;
				PRODUCT_BUNDLE_IDENTIFIER = nwmissouri.edu.displayImageAppUITests;
				PRODUCT_NAME = "$(TARGET_NAME)";
				SWIFT_EMIT_LOC_STRINGS = NO;
				SWIFT_VERSION = 5.0;
				TARGETED_DEVICE_FAMILY = "1,2";
				TEST_TARGET_NAME = displayImageApp;
			};
			name = Debug;
		};
		4B9265D129A5091F00C66D38 /* Release */ = {
			isa = XCBuildConfiguration;
			buildSettings = {
				ALWAYS_EMBED_SWIFT_STANDARD_LIBRARIES = YES;
				CODE_SIGN_STYLE = Automatic;
				CURRENT_PROJECT_VERSION = 1;
				GENERATE_INFOPLIST_FILE = YES;
				MARKETING_VERSION = 1.0;
				PRODUCT_BUNDLE_IDENTIFIER = nwmissouri.edu.displayImageAppUITests;
				PRODUCT_NAME = "$(TARGET_NAME)";
				SWIFT_EMIT_LOC_STRINGS = NO;
				SWIFT_VERSION = 5.0;
				TARGETED_DEVICE_FAMILY = "1,2";
				TEST_TARGET_NAME = displayImageApp;
			};
			name = Release;
		};
/* End XCBuildConfiguration section */

/* Begin XCConfigurationList section */
		4B92659A29A5091D00C66D38 /* Build configuration list for PBXProject "displayImageApp" */ = {
			isa = XCConfigurationList;
			buildConfigurations = (
				4B9265C729A5091F00C66D38 /* Debug */,
				4B9265C829A5091F00C66D38 /* Release */,
			);
			defaultConfigurationIsVisible = 0;
			defaultConfigurationName = Release;
		};
		4B9265C929A5091F00C66D38 /* Build configuration list for PBXNativeTarget "displayImageApp" */ = {
			isa = XCConfigurationList;
			buildConfigurations = (
				4B9265CA29A5091F00C66D38 /* Debug */,
				4B9265CB29A5091F00C66D38 /* Release */,
			);
			defaultConfigurationIsVisible = 0;
			defaultConfigurationName = Release;
		};
		4B9265CC29A5091F00C66D38 /* Build configuration list for PBXNativeTarget "displayImageAppTests" */ = {
			isa = XCConfigurationList;
			buildConfigurations = (
				4B9265CD29A5091F00C66D38 /* Debug */,
				4B9265CE29A5091F00C66D38 /* Release */,
			);
			defaultConfigurationIsVisible = 0;
			defaultConfigurationName = Release;
		};
		4B9265CF29A5091F00C66D38 /* Build configuration list for PBXNativeTarget "displayImageAppUITests" */ = {
			isa = XCConfigurationList;
			buildConfigurations = (
				4B9265D029A5091F00C66D38 /* Debug */,
				4B9265D129A5091F00C66D38 /* Release */,
			);
			defaultConfigurationIsVisible = 0;
			defaultConfigurationName = Release;
		};
/* End XCConfigurationList section */
	};
	rootObject = 4B92659729A5091D00C66D38 /* Project object */;
}
